// !$*UTF8*$!
{
	archiveVersion = 1;
	classes = {
	};
	objectVersion = 52;
	objects = {

/* Begin PBXBuildFile section */
		9371F1E7285B9935006F533A /* EssentialFeed.framework in Frameworks */ = {isa = PBXBuildFile; fileRef = F4BA2BE72269E66F0015EABC /* EssentialFeed.framework */; platformFilter = ios; };
		9371F1E8285B9935006F533A /* EssentialFeed.framework in Embed Frameworks */ = {isa = PBXBuildFile; fileRef = F4BA2BE72269E66F0015EABC /* EssentialFeed.framework */; platformFilter = ios; settings = {ATTRIBUTES = (CodeSignOnCopy, RemoveHeadersOnCopy, ); }; };
		9371F1F8285C6067006F533A /* FeedErrorHeaderView.swift in Sources */ = {isa = PBXBuildFile; fileRef = 9371F1F7285C6067006F533A /* FeedErrorHeaderView.swift */; };
		9371F1FA285C64D1006F533A /* UITableView+ErrorHeader.swift in Sources */ = {isa = PBXBuildFile; fileRef = 9371F1F9285C64D1006F533A /* UITableView+ErrorHeader.swift */; };
		9371F1FD285C7322006F533A /* FeedPresenterTests.swift in Sources */ = {isa = PBXBuildFile; fileRef = 9371F1FC285C7322006F533A /* FeedPresenterTests.swift */; };
		9371F206285C8130006F533A /* LocalizationTests.swift in Sources */ = {isa = PBXBuildFile; fileRef = 9371F204285C8102006F533A /* LocalizationTests.swift */; };
		9371F20A285C82EE006F533A /* FeedPresenter.swift in Sources */ = {isa = PBXBuildFile; fileRef = 9371F208285C828A006F533A /* FeedPresenter.swift */; };
		9371F20B285C8344006F533A /* Feed.strings in Resources */ = {isa = PBXBuildFile; fileRef = 9371F202285C809D006F533A /* Feed.strings */; };
		9371F20E285C83CC006F533A /* FeedLoaderViewModel.swift in Sources */ = {isa = PBXBuildFile; fileRef = 9371F20C285C839F006F533A /* FeedLoaderViewModel.swift */; };
		9371F211285C83FC006F533A /* FeedViewModel.swift in Sources */ = {isa = PBXBuildFile; fileRef = 9371F20F285C83EE006F533A /* FeedViewModel.swift */; };
		9371F214285CB523006F533A /* FeedErrorViewModel.swift in Sources */ = {isa = PBXBuildFile; fileRef = 9371F212285CB47B006F533A /* FeedErrorViewModel.swift */; };
		9371F216285CB8CF006F533A /* FeedImageCellPresenterTests.swift in Sources */ = {isa = PBXBuildFile; fileRef = 9371F215285CB8CF006F533A /* FeedImageCellPresenterTests.swift */; };
		9371F219285D04E5006F533A /* FeedImageCellPresenter.swift in Sources */ = {isa = PBXBuildFile; fileRef = 9371F217285D04B3006F533A /* FeedImageCellPresenter.swift */; };
		9371F21C285D05E2006F533A /* FeedImageViewModel.swift in Sources */ = {isa = PBXBuildFile; fileRef = 9371F21A285D05C6006F533A /* FeedImageViewModel.swift */; };
		9371F21F285D0628006F533A /* FeedImageView.swift in Sources */ = {isa = PBXBuildFile; fileRef = 9371F21D285D0614006F533A /* FeedImageView.swift */; };
		9371F220285DEAA1006F533A /* FeedImageLoader.swift in Sources */ = {isa = PBXBuildFile; fileRef = 93D1D38A2855EEE400CCFCEE /* FeedImageLoader.swift */; };
		9371F222285DEB94006F533A /* LoadImageDataFromRemoteUseCaseTests.swift in Sources */ = {isa = PBXBuildFile; fileRef = 9371F221285DEB94006F533A /* LoadImageDataFromRemoteUseCaseTests.swift */; };
		9371F224285F1654006F533A /* LoadFeedImageFromCacheUseCaseTests.swift in Sources */ = {isa = PBXBuildFile; fileRef = 9371F223285F1654006F533A /* LoadFeedImageFromCacheUseCaseTests.swift */; };
		9371F226285F223E006F533A /* URLProtocolStub.swift in Sources */ = {isa = PBXBuildFile; fileRef = 9371F225285F223E006F533A /* URLProtocolStub.swift */; };
		9371F228285F2826006F533A /* HTTPClientSpy.swift in Sources */ = {isa = PBXBuildFile; fileRef = 9371F227285F2826006F533A /* HTTPClientSpy.swift */; };
		9371F22A285F2A85006F533A /* RemoteFeedImageLoader.swift in Sources */ = {isa = PBXBuildFile; fileRef = 9371F229285F2A85006F533A /* RemoteFeedImageLoader.swift */; };
		9371F22D285F2FFE006F533A /* HTTPURLResponse+isOK.swift in Sources */ = {isa = PBXBuildFile; fileRef = 9371F22C285F2FFE006F533A /* HTTPURLResponse+isOK.swift */; };
		9371F22F285F3019006F533A /* SharedTypaliases.swift in Sources */ = {isa = PBXBuildFile; fileRef = 9371F22E285F3019006F533A /* SharedTypaliases.swift */; };
		9371F231285F3079006F533A /* RemoteImageLoadingTask.swift in Sources */ = {isa = PBXBuildFile; fileRef = 9371F230285F3079006F533A /* RemoteImageLoadingTask.swift */; };
		9371F233285F30BF006F533A /* ImageLoadingError.swift in Sources */ = {isa = PBXBuildFile; fileRef = 9371F232285F30BF006F533A /* ImageLoadingError.swift */; };
		9371F235285F62C2006F533A /* LocalFeedImageLoader.swift in Sources */ = {isa = PBXBuildFile; fileRef = 9371F234285F62C2006F533A /* LocalFeedImageLoader.swift */; };
		9371F237285F62DF006F533A /* LocalImageLoaderTask.swift in Sources */ = {isa = PBXBuildFile; fileRef = 9371F236285F62DF006F533A /* LocalImageLoaderTask.swift */; };
		9371F239285F81AA006F533A /* ImageStoreSpy.swift in Sources */ = {isa = PBXBuildFile; fileRef = 9371F238285F81AA006F533A /* ImageStoreSpy.swift */; };
		9371F23B285F824B006F533A /* CacheFeedImageUseCaseTests.swift in Sources */ = {isa = PBXBuildFile; fileRef = 9371F23A285F824B006F533A /* CacheFeedImageUseCaseTests.swift */; };
		9371F23D285F9039006F533A /* CoreDataImageStoreTests.swift in Sources */ = {isa = PBXBuildFile; fileRef = 9371F23C285F9039006F533A /* CoreDataImageStoreTests.swift */; };
		9371F24028604037006F533A /* CoreDataFeedStore+ImageStore.swift in Sources */ = {isa = PBXBuildFile; fileRef = 9371F23F28604037006F533A /* CoreDataFeedStore+ImageStore.swift */; };
		9371F2422860E99E006F533A /* CoreDataFeedStore+FeedStore.swift in Sources */ = {isa = PBXBuildFile; fileRef = 9371F2412860E99E006F533A /* CoreDataFeedStore+FeedStore.swift */; };
		93883C97286821D90084C168 /* FeedSnapshotTests.swift in Sources */ = {isa = PBXBuildFile; fileRef = 93883C96286821D90084C168 /* FeedSnapshotTests.swift */; };
		93883C992869A26B0084C168 /* UIImage+WithColor.swift in Sources */ = {isa = PBXBuildFile; fileRef = 93883C982869A26B0084C168 /* UIImage+WithColor.swift */; };
		93BAE330284C889D0042B7E1 /* CacheFeedUseCaseTests.swift in Sources */ = {isa = PBXBuildFile; fileRef = 93BAE32F284C889D0042B7E1 /* CacheFeedUseCaseTests.swift */; };
		93BAE333284CBA490042B7E1 /* LocalFeedLoader.swift in Sources */ = {isa = PBXBuildFile; fileRef = 93BAE332284CBA490042B7E1 /* LocalFeedLoader.swift */; };
		93BAE335284CBA700042B7E1 /* FeedStore.swift in Sources */ = {isa = PBXBuildFile; fileRef = 93BAE334284CBA700042B7E1 /* FeedStore.swift */; };
		93BAE337284CE3AE0042B7E1 /* LoadFeedFromCacheUseCaseTests.swift in Sources */ = {isa = PBXBuildFile; fileRef = 93BAE336284CE3AD0042B7E1 /* LoadFeedFromCacheUseCaseTests.swift */; };
		93BAE339284CE3D60042B7E1 /* FeedStoreSpy.swift in Sources */ = {isa = PBXBuildFile; fileRef = 93BAE338284CE3D60042B7E1 /* FeedStoreSpy.swift */; };
		93BAE33B284D2C900042B7E1 /* ValidateFeedCacheUseCaseTests.swift in Sources */ = {isa = PBXBuildFile; fileRef = 93BAE33A284D2C900042B7E1 /* ValidateFeedCacheUseCaseTests.swift */; };
		93BAE33E284D33500042B7E1 /* CacheFeedUseCaseHelpers.swift in Sources */ = {isa = PBXBuildFile; fileRef = 93BAE33D284D33500042B7E1 /* CacheFeedUseCaseHelpers.swift */; };
		93BAE340284D34820042B7E1 /* SharedTestHelpers.swift in Sources */ = {isa = PBXBuildFile; fileRef = 93BAE33F284D34820042B7E1 /* SharedTestHelpers.swift */; };
		93BAE342284DE6660042B7E1 /* FeedCachePolicy.swift in Sources */ = {isa = PBXBuildFile; fileRef = 93BAE341284DE6650042B7E1 /* FeedCachePolicy.swift */; };
		93BAE348284F43120042B7E1 /* FeedStoreSpecs.swift in Sources */ = {isa = PBXBuildFile; fileRef = 93BAE347284F43120042B7E1 /* FeedStoreSpecs.swift */; };
		93BAE34A284F43570042B7E1 /* FeedStoreSpecs+Helpers.swift in Sources */ = {isa = PBXBuildFile; fileRef = 93BAE349284F43570042B7E1 /* FeedStoreSpecs+Helpers.swift */; };
		93BAE34C284F4D580042B7E1 /* FailableRetreiveStoreSpecs.swift in Sources */ = {isa = PBXBuildFile; fileRef = 93BAE34B284F4D580042B7E1 /* FailableRetreiveStoreSpecs.swift */; };
		93BAE34E284F4F560042B7E1 /* FailableInsertStoreSpecs.swift in Sources */ = {isa = PBXBuildFile; fileRef = 93BAE34D284F4F560042B7E1 /* FailableInsertStoreSpecs.swift */; };
		93BAE350284F50910042B7E1 /* FailableDeleteStoreSpecs.swift in Sources */ = {isa = PBXBuildFile; fileRef = 93BAE34F284F50900042B7E1 /* FailableDeleteStoreSpecs.swift */; };
		93BAE352284F590A0042B7E1 /* SerialFeedStore.swift in Sources */ = {isa = PBXBuildFile; fileRef = 93BAE351284F590A0042B7E1 /* SerialFeedStore.swift */; };
		93BAE354284F5BAA0042B7E1 /* CoreDataFeedStoreTests.swift in Sources */ = {isa = PBXBuildFile; fileRef = 93BAE353284F5BAA0042B7E1 /* CoreDataFeedStoreTests.swift */; };
		93BAE359284F62B40042B7E1 /* CoreDataFeedStore.swift in Sources */ = {isa = PBXBuildFile; fileRef = 93BAE358284F62B40042B7E1 /* CoreDataFeedStore.swift */; };
		93BAE37F284F6B870042B7E1 /* FeedStore.xcdatamodeld in Sources */ = {isa = PBXBuildFile; fileRef = 93BAE37D284F6B870042B7E1 /* FeedStore.xcdatamodeld */; };
		93BAE382284F8AB80042B7E1 /* CoreDataHelpers.swift in Sources */ = {isa = PBXBuildFile; fileRef = 93BAE381284F8AB80042B7E1 /* CoreDataHelpers.swift */; };
		93BAE384284F8AD80042B7E1 /* ManagedFeedCache.swift in Sources */ = {isa = PBXBuildFile; fileRef = 93BAE383284F8AD80042B7E1 /* ManagedFeedCache.swift */; };
		93BAE386284F8AE10042B7E1 /* ManagedFeedImage.swift in Sources */ = {isa = PBXBuildFile; fileRef = 93BAE385284F8AE10042B7E1 /* ManagedFeedImage.swift */; };
		93BAE38E284F95B00042B7E1 /* FeedCacheIntegrationTests.swift in Sources */ = {isa = PBXBuildFile; fileRef = 93BAE38D284F95B00042B7E1 /* FeedCacheIntegrationTests.swift */; };
		93BAE38F284F95B00042B7E1 /* EssentialFeed.framework in Frameworks */ = {isa = PBXBuildFile; fileRef = F4BA2BE72269E66F0015EABC /* EssentialFeed.framework */; };
		93BAE395284F975E0042B7E1 /* XCTestCase+MemoryLeak.swift in Sources */ = {isa = PBXBuildFile; fileRef = F4BA2C162269FB600015EABC /* XCTestCase+MemoryLeak.swift */; };
		93BAE396284F9D3E0042B7E1 /* CacheFeedUseCaseHelpers.swift in Sources */ = {isa = PBXBuildFile; fileRef = 93BAE33D284D33500042B7E1 /* CacheFeedUseCaseHelpers.swift */; };
		93BAE397284F9F7D0042B7E1 /* SharedTestHelpers.swift in Sources */ = {isa = PBXBuildFile; fileRef = 93BAE33F284D34820042B7E1 /* SharedTestHelpers.swift */; };
		93D1D35B2852504300CCFCEE /* EssentialFeed_iOS.docc in Sources */ = {isa = PBXBuildFile; fileRef = 93D1D35A2852504300CCFCEE /* EssentialFeed_iOS.docc */; };
		93D1D3612852504400CCFCEE /* EssentialFeed_iOS.framework in Frameworks */ = {isa = PBXBuildFile; fileRef = 93D1D3572852504300CCFCEE /* EssentialFeed_iOS.framework */; };
		93D1D372285270D600CCFCEE /* EssentialFeed_iOS.docc in Sources */ = {isa = PBXBuildFile; fileRef = 93D1D35A2852504300CCFCEE /* EssentialFeed_iOS.docc */; };
		93D1D37D2853C50D00CCFCEE /* XCTestCase+MemoryLeak.swift in Sources */ = {isa = PBXBuildFile; fileRef = F4BA2C162269FB600015EABC /* XCTestCase+MemoryLeak.swift */; };
		93D1D380285494D000CCFCEE /* SharedTestHelpers.swift in Sources */ = {isa = PBXBuildFile; fileRef = 93BAE33F284D34820042B7E1 /* SharedTestHelpers.swift */; };
		93D1D381285494ED00CCFCEE /* FeedViewController.swift in Sources */ = {isa = PBXBuildFile; fileRef = 93D1D37E2853D2A000CCFCEE /* FeedViewController.swift */; };
		93D1D3832854EAE900CCFCEE /* UIVIew+Shimmering.swift in Sources */ = {isa = PBXBuildFile; fileRef = 93D1D3822854EAE900CCFCEE /* UIVIew+Shimmering.swift */; };
		93D1D3852855BCAE00CCFCEE /* FeedImageCell.swift in Sources */ = {isa = PBXBuildFile; fileRef = 93D1D3842855BCAE00CCFCEE /* FeedImageCell.swift */; };
		93D1D3A228560B5E00CCFCEE /* FeedImageCellController.swift in Sources */ = {isa = PBXBuildFile; fileRef = 93D1D3A128560B5E00CCFCEE /* FeedImageCellController.swift */; };
		93D1D3B0285A080F00CCFCEE /* Feed.storyboard in Resources */ = {isa = PBXBuildFile; fileRef = 93D1D3AF285A080E00CCFCEE /* Feed.storyboard */; };
		93D1D3B2285B121B00CCFCEE /* UIImageView+FadeIn.swift in Sources */ = {isa = PBXBuildFile; fileRef = 93D1D3B1285B121B00CCFCEE /* UIImageView+FadeIn.swift */; };
		93D1D3B5285B1B7F00CCFCEE /* Feed.strings in Resources */ = {isa = PBXBuildFile; fileRef = 93D1D3B7285B1B7F00CCFCEE /* Feed.strings */; };
		F4BA2BF02269E66F0015EABC /* EssentialFeed.framework in Frameworks */ = {isa = PBXBuildFile; fileRef = F4BA2BE72269E66F0015EABC /* EssentialFeed.framework */; };
		F4BA2BFE2269E7850015EABC /* LoadFeedFromRemoteUseCaseTests.swift in Sources */ = {isa = PBXBuildFile; fileRef = F40FF189226477A400359F40 /* LoadFeedFromRemoteUseCaseTests.swift */; };
		F4BA2BFF2269E7850015EABC /* URLSessionHTTPClientTests.swift in Sources */ = {isa = PBXBuildFile; fileRef = F4BA2BD0226702E80015EABC /* URLSessionHTTPClientTests.swift */; };
		F4BA2C002269E7DF0015EABC /* RemoteFeedLoader.swift in Sources */ = {isa = PBXBuildFile; fileRef = F4632A7D226498DD00BAF4C8 /* RemoteFeedLoader.swift */; };
		F4BA2C012269E7E30015EABC /* FeedImageMapper.swift in Sources */ = {isa = PBXBuildFile; fileRef = F4BA2BC9226603320015EABC /* FeedImageMapper.swift */; };
		F4BA2C022269E7E90015EABC /* FeedImage.swift in Sources */ = {isa = PBXBuildFile; fileRef = F4632A822265A82000BAF4C8 /* FeedImage.swift */; };
		F4BA2C032269E7E90015EABC /* HTTPClient.swift in Sources */ = {isa = PBXBuildFile; fileRef = F4BA2BCB226605090015EABC /* HTTPClient.swift */; };
		F4BA2C042269E7E90015EABC /* URLSessionHTTPClient.swift in Sources */ = {isa = PBXBuildFile; fileRef = F4BA2BD22269C6970015EABC /* URLSessionHTTPClient.swift */; };
		F4BA2C052269E7E90015EABC /* FeedLoader.swift in Sources */ = {isa = PBXBuildFile; fileRef = F4BA2BCE2266112B0015EABC /* FeedLoader.swift */; };
		F4BA2C0D2269EE690015EABC /* FeedApiEndToEndTests.swift in Sources */ = {isa = PBXBuildFile; fileRef = F4BA2C0C2269EE690015EABC /* FeedApiEndToEndTests.swift */; };
		F4BA2C0F2269EE690015EABC /* EssentialFeed.framework in Frameworks */ = {isa = PBXBuildFile; fileRef = F4BA2BE72269E66F0015EABC /* EssentialFeed.framework */; };
		F4BA2C172269FB600015EABC /* XCTestCase+MemoryLeak.swift in Sources */ = {isa = PBXBuildFile; fileRef = F4BA2C162269FB600015EABC /* XCTestCase+MemoryLeak.swift */; };
		F4BA2C18226A05560015EABC /* XCTestCase+MemoryLeak.swift in Sources */ = {isa = PBXBuildFile; fileRef = F4BA2C162269FB600015EABC /* XCTestCase+MemoryLeak.swift */; };
/* End PBXBuildFile section */

/* Begin PBXContainerItemProxy section */
		9371F1E9285B9935006F533A /* PBXContainerItemProxy */ = {
			isa = PBXContainerItemProxy;
			containerPortal = F40FF152226475ED00359F40 /* Project object */;
			proxyType = 1;
			remoteGlobalIDString = F4BA2BE62269E66F0015EABC;
			remoteInfo = EssentialFeed;
		};
		93BAE390284F95B00042B7E1 /* PBXContainerItemProxy */ = {
			isa = PBXContainerItemProxy;
			containerPortal = F40FF152226475ED00359F40 /* Project object */;
			proxyType = 1;
			remoteGlobalIDString = F4BA2BE62269E66F0015EABC;
			remoteInfo = EssentialDeveloperFramework;
		};
		93D1D3622852504400CCFCEE /* PBXContainerItemProxy */ = {
			isa = PBXContainerItemProxy;
			containerPortal = F40FF152226475ED00359F40 /* Project object */;
			proxyType = 1;
			remoteGlobalIDString = 93D1D3562852504300CCFCEE;
			remoteInfo = EssentialFeed_iOS;
		};
		F4BA2BF12269E66F0015EABC /* PBXContainerItemProxy */ = {
			isa = PBXContainerItemProxy;
			containerPortal = F40FF152226475ED00359F40 /* Project object */;
			proxyType = 1;
			remoteGlobalIDString = F4BA2BE62269E66F0015EABC;
			remoteInfo = EssentialDeveloperFramework;
		};
		F4BA2C102269EE690015EABC /* PBXContainerItemProxy */ = {
			isa = PBXContainerItemProxy;
			containerPortal = F40FF152226475ED00359F40 /* Project object */;
			proxyType = 1;
			remoteGlobalIDString = F4BA2BE62269E66F0015EABC;
			remoteInfo = EssentialDeveloperFramework;
		};
/* End PBXContainerItemProxy section */

/* Begin PBXCopyFilesBuildPhase section */
		9371F1EB285B9935006F533A /* Embed Frameworks */ = {
			isa = PBXCopyFilesBuildPhase;
			buildActionMask = 2147483647;
			dstPath = "";
			dstSubfolderSpec = 10;
			files = (
				9371F1E8285B9935006F533A /* EssentialFeed.framework in Embed Frameworks */,
			);
			name = "Embed Frameworks";
			runOnlyForDeploymentPostprocessing = 0;
		};
/* End PBXCopyFilesBuildPhase section */

/* Begin PBXFileReference section */
		9371F1F7285C6067006F533A /* FeedErrorHeaderView.swift */ = {isa = PBXFileReference; lastKnownFileType = sourcecode.swift; path = FeedErrorHeaderView.swift; sourceTree = "<group>"; };
		9371F1F9285C64D1006F533A /* UITableView+ErrorHeader.swift */ = {isa = PBXFileReference; lastKnownFileType = sourcecode.swift; path = "UITableView+ErrorHeader.swift"; sourceTree = "<group>"; };
		9371F1FC285C7322006F533A /* FeedPresenterTests.swift */ = {isa = PBXFileReference; lastKnownFileType = sourcecode.swift; path = FeedPresenterTests.swift; sourceTree = "<group>"; };
		9371F201285C809D006F533A /* en */ = {isa = PBXFileReference; lastKnownFileType = text.plist.strings; name = en; path = en.lproj/Feed.strings; sourceTree = "<group>"; };
		9371F203285C809F006F533A /* uk */ = {isa = PBXFileReference; lastKnownFileType = text.plist.strings; name = uk; path = uk.lproj/Feed.strings; sourceTree = "<group>"; };
		9371F204285C8102006F533A /* LocalizationTests.swift */ = {isa = PBXFileReference; lastKnownFileType = sourcecode.swift; path = LocalizationTests.swift; sourceTree = "<group>"; };
		9371F208285C828A006F533A /* FeedPresenter.swift */ = {isa = PBXFileReference; lastKnownFileType = sourcecode.swift; path = FeedPresenter.swift; sourceTree = "<group>"; };
		9371F20C285C839F006F533A /* FeedLoaderViewModel.swift */ = {isa = PBXFileReference; lastKnownFileType = sourcecode.swift; path = FeedLoaderViewModel.swift; sourceTree = "<group>"; };
		9371F20F285C83EE006F533A /* FeedViewModel.swift */ = {isa = PBXFileReference; lastKnownFileType = sourcecode.swift; path = FeedViewModel.swift; sourceTree = "<group>"; };
		9371F212285CB47B006F533A /* FeedErrorViewModel.swift */ = {isa = PBXFileReference; lastKnownFileType = sourcecode.swift; path = FeedErrorViewModel.swift; sourceTree = "<group>"; };
		9371F215285CB8CF006F533A /* FeedImageCellPresenterTests.swift */ = {isa = PBXFileReference; lastKnownFileType = sourcecode.swift; path = FeedImageCellPresenterTests.swift; sourceTree = "<group>"; };
		9371F217285D04B3006F533A /* FeedImageCellPresenter.swift */ = {isa = PBXFileReference; lastKnownFileType = sourcecode.swift; path = FeedImageCellPresenter.swift; sourceTree = "<group>"; };
		9371F21A285D05C6006F533A /* FeedImageViewModel.swift */ = {isa = PBXFileReference; lastKnownFileType = sourcecode.swift; path = FeedImageViewModel.swift; sourceTree = "<group>"; };
		9371F21D285D0614006F533A /* FeedImageView.swift */ = {isa = PBXFileReference; lastKnownFileType = sourcecode.swift; path = FeedImageView.swift; sourceTree = "<group>"; };
		9371F221285DEB94006F533A /* LoadImageDataFromRemoteUseCaseTests.swift */ = {isa = PBXFileReference; lastKnownFileType = sourcecode.swift; path = LoadImageDataFromRemoteUseCaseTests.swift; sourceTree = "<group>"; };
		9371F223285F1654006F533A /* LoadFeedImageFromCacheUseCaseTests.swift */ = {isa = PBXFileReference; lastKnownFileType = sourcecode.swift; path = LoadFeedImageFromCacheUseCaseTests.swift; sourceTree = "<group>"; };
		9371F225285F223E006F533A /* URLProtocolStub.swift */ = {isa = PBXFileReference; lastKnownFileType = sourcecode.swift; path = URLProtocolStub.swift; sourceTree = "<group>"; };
		9371F227285F2826006F533A /* HTTPClientSpy.swift */ = {isa = PBXFileReference; lastKnownFileType = sourcecode.swift; path = HTTPClientSpy.swift; sourceTree = "<group>"; };
		9371F229285F2A85006F533A /* RemoteFeedImageLoader.swift */ = {isa = PBXFileReference; lastKnownFileType = sourcecode.swift; path = RemoteFeedImageLoader.swift; sourceTree = "<group>"; };
		9371F22C285F2FFE006F533A /* HTTPURLResponse+isOK.swift */ = {isa = PBXFileReference; lastKnownFileType = sourcecode.swift; path = "HTTPURLResponse+isOK.swift"; sourceTree = "<group>"; };
		9371F22E285F3019006F533A /* SharedTypaliases.swift */ = {isa = PBXFileReference; lastKnownFileType = sourcecode.swift; path = SharedTypaliases.swift; sourceTree = "<group>"; };
		9371F230285F3079006F533A /* RemoteImageLoadingTask.swift */ = {isa = PBXFileReference; lastKnownFileType = sourcecode.swift; path = RemoteImageLoadingTask.swift; sourceTree = "<group>"; };
		9371F232285F30BF006F533A /* ImageLoadingError.swift */ = {isa = PBXFileReference; lastKnownFileType = sourcecode.swift; path = ImageLoadingError.swift; sourceTree = "<group>"; };
		9371F234285F62C2006F533A /* LocalFeedImageLoader.swift */ = {isa = PBXFileReference; lastKnownFileType = sourcecode.swift; path = LocalFeedImageLoader.swift; sourceTree = "<group>"; };
		9371F236285F62DF006F533A /* LocalImageLoaderTask.swift */ = {isa = PBXFileReference; lastKnownFileType = sourcecode.swift; path = LocalImageLoaderTask.swift; sourceTree = "<group>"; };
		9371F238285F81AA006F533A /* ImageStoreSpy.swift */ = {isa = PBXFileReference; lastKnownFileType = sourcecode.swift; path = ImageStoreSpy.swift; sourceTree = "<group>"; };
		9371F23A285F824B006F533A /* CacheFeedImageUseCaseTests.swift */ = {isa = PBXFileReference; lastKnownFileType = sourcecode.swift; path = CacheFeedImageUseCaseTests.swift; sourceTree = "<group>"; };
		9371F23C285F9039006F533A /* CoreDataImageStoreTests.swift */ = {isa = PBXFileReference; lastKnownFileType = sourcecode.swift; path = CoreDataImageStoreTests.swift; sourceTree = "<group>"; };
		9371F23E28603F18006F533A /* FeedStore 2.xcdatamodel */ = {isa = PBXFileReference; lastKnownFileType = wrapper.xcdatamodel; path = "FeedStore 2.xcdatamodel"; sourceTree = "<group>"; };
		9371F23F28604037006F533A /* CoreDataFeedStore+ImageStore.swift */ = {isa = PBXFileReference; lastKnownFileType = sourcecode.swift; path = "CoreDataFeedStore+ImageStore.swift"; sourceTree = "<group>"; };
		9371F2412860E99E006F533A /* CoreDataFeedStore+FeedStore.swift */ = {isa = PBXFileReference; lastKnownFileType = sourcecode.swift; path = "CoreDataFeedStore+FeedStore.swift"; sourceTree = "<group>"; };
		93883C96286821D90084C168 /* FeedSnapshotTests.swift */ = {isa = PBXFileReference; lastKnownFileType = sourcecode.swift; path = FeedSnapshotTests.swift; sourceTree = "<group>"; };
		93883C982869A26B0084C168 /* UIImage+WithColor.swift */ = {isa = PBXFileReference; lastKnownFileType = sourcecode.swift; path = "UIImage+WithColor.swift"; sourceTree = "<group>"; };
		93BAE32F284C889D0042B7E1 /* CacheFeedUseCaseTests.swift */ = {isa = PBXFileReference; lastKnownFileType = sourcecode.swift; path = CacheFeedUseCaseTests.swift; sourceTree = "<group>"; };
		93BAE332284CBA490042B7E1 /* LocalFeedLoader.swift */ = {isa = PBXFileReference; lastKnownFileType = sourcecode.swift; path = LocalFeedLoader.swift; sourceTree = "<group>"; };
		93BAE334284CBA700042B7E1 /* FeedStore.swift */ = {isa = PBXFileReference; lastKnownFileType = sourcecode.swift; path = FeedStore.swift; sourceTree = "<group>"; };
		93BAE336284CE3AD0042B7E1 /* LoadFeedFromCacheUseCaseTests.swift */ = {isa = PBXFileReference; lastKnownFileType = sourcecode.swift; path = LoadFeedFromCacheUseCaseTests.swift; sourceTree = "<group>"; };
		93BAE338284CE3D60042B7E1 /* FeedStoreSpy.swift */ = {isa = PBXFileReference; lastKnownFileType = sourcecode.swift; path = FeedStoreSpy.swift; sourceTree = "<group>"; };
		93BAE33A284D2C900042B7E1 /* ValidateFeedCacheUseCaseTests.swift */ = {isa = PBXFileReference; lastKnownFileType = sourcecode.swift; path = ValidateFeedCacheUseCaseTests.swift; sourceTree = "<group>"; };
		93BAE33D284D33500042B7E1 /* CacheFeedUseCaseHelpers.swift */ = {isa = PBXFileReference; lastKnownFileType = sourcecode.swift; path = CacheFeedUseCaseHelpers.swift; sourceTree = "<group>"; };
		93BAE33F284D34820042B7E1 /* SharedTestHelpers.swift */ = {isa = PBXFileReference; lastKnownFileType = sourcecode.swift; path = SharedTestHelpers.swift; sourceTree = "<group>"; };
		93BAE341284DE6650042B7E1 /* FeedCachePolicy.swift */ = {isa = PBXFileReference; lastKnownFileType = sourcecode.swift; path = FeedCachePolicy.swift; sourceTree = "<group>"; };
		93BAE347284F43120042B7E1 /* FeedStoreSpecs.swift */ = {isa = PBXFileReference; lastKnownFileType = sourcecode.swift; path = FeedStoreSpecs.swift; sourceTree = "<group>"; };
		93BAE349284F43570042B7E1 /* FeedStoreSpecs+Helpers.swift */ = {isa = PBXFileReference; lastKnownFileType = sourcecode.swift; path = "FeedStoreSpecs+Helpers.swift"; sourceTree = "<group>"; };
		93BAE34B284F4D580042B7E1 /* FailableRetreiveStoreSpecs.swift */ = {isa = PBXFileReference; lastKnownFileType = sourcecode.swift; path = FailableRetreiveStoreSpecs.swift; sourceTree = "<group>"; };
		93BAE34D284F4F560042B7E1 /* FailableInsertStoreSpecs.swift */ = {isa = PBXFileReference; lastKnownFileType = sourcecode.swift; path = FailableInsertStoreSpecs.swift; sourceTree = "<group>"; };
		93BAE34F284F50900042B7E1 /* FailableDeleteStoreSpecs.swift */ = {isa = PBXFileReference; lastKnownFileType = sourcecode.swift; path = FailableDeleteStoreSpecs.swift; sourceTree = "<group>"; };
		93BAE351284F590A0042B7E1 /* SerialFeedStore.swift */ = {isa = PBXFileReference; lastKnownFileType = sourcecode.swift; path = SerialFeedStore.swift; sourceTree = "<group>"; };
		93BAE353284F5BAA0042B7E1 /* CoreDataFeedStoreTests.swift */ = {isa = PBXFileReference; lastKnownFileType = sourcecode.swift; path = CoreDataFeedStoreTests.swift; sourceTree = "<group>"; };
		93BAE358284F62B40042B7E1 /* CoreDataFeedStore.swift */ = {isa = PBXFileReference; lastKnownFileType = sourcecode.swift; path = CoreDataFeedStore.swift; sourceTree = "<group>"; };
		93BAE37E284F6B870042B7E1 /* FeedStore.xcdatamodel */ = {isa = PBXFileReference; lastKnownFileType = wrapper.xcdatamodel; path = FeedStore.xcdatamodel; sourceTree = "<group>"; };
		93BAE381284F8AB80042B7E1 /* CoreDataHelpers.swift */ = {isa = PBXFileReference; lastKnownFileType = sourcecode.swift; path = CoreDataHelpers.swift; sourceTree = "<group>"; };
		93BAE383284F8AD80042B7E1 /* ManagedFeedCache.swift */ = {isa = PBXFileReference; lastKnownFileType = sourcecode.swift; path = ManagedFeedCache.swift; sourceTree = "<group>"; };
		93BAE385284F8AE10042B7E1 /* ManagedFeedImage.swift */ = {isa = PBXFileReference; lastKnownFileType = sourcecode.swift; path = ManagedFeedImage.swift; sourceTree = "<group>"; };
		93BAE38B284F95AF0042B7E1 /* FeedCacheIntegrationTests.xctest */ = {isa = PBXFileReference; explicitFileType = wrapper.cfbundle; includeInIndex = 0; path = FeedCacheIntegrationTests.xctest; sourceTree = BUILT_PRODUCTS_DIR; };
		93BAE38D284F95B00042B7E1 /* FeedCacheIntegrationTests.swift */ = {isa = PBXFileReference; lastKnownFileType = sourcecode.swift; path = FeedCacheIntegrationTests.swift; sourceTree = "<group>"; };
		93D1D3572852504300CCFCEE /* EssentialFeed_iOS.framework */ = {isa = PBXFileReference; explicitFileType = wrapper.framework; includeInIndex = 0; path = EssentialFeed_iOS.framework; sourceTree = BUILT_PRODUCTS_DIR; };
		93D1D35A2852504300CCFCEE /* EssentialFeed_iOS.docc */ = {isa = PBXFileReference; lastKnownFileType = folder.documentationcatalog; path = EssentialFeed_iOS.docc; sourceTree = "<group>"; };
		93D1D3602852504400CCFCEE /* EssentialFeed_iOSTests.xctest */ = {isa = PBXFileReference; explicitFileType = wrapper.cfbundle; includeInIndex = 0; path = EssentialFeed_iOSTests.xctest; sourceTree = BUILT_PRODUCTS_DIR; };
		93D1D378285270D600CCFCEE /* EssentialFeed_macOS.framework */ = {isa = PBXFileReference; explicitFileType = wrapper.framework; includeInIndex = 0; path = EssentialFeed_macOS.framework; sourceTree = BUILT_PRODUCTS_DIR; };
		93D1D37E2853D2A000CCFCEE /* FeedViewController.swift */ = {isa = PBXFileReference; lastKnownFileType = sourcecode.swift; path = FeedViewController.swift; sourceTree = "<group>"; };
		93D1D3822854EAE900CCFCEE /* UIVIew+Shimmering.swift */ = {isa = PBXFileReference; lastKnownFileType = sourcecode.swift; path = "UIVIew+Shimmering.swift"; sourceTree = "<group>"; };
		93D1D3842855BCAE00CCFCEE /* FeedImageCell.swift */ = {isa = PBXFileReference; lastKnownFileType = sourcecode.swift; path = FeedImageCell.swift; sourceTree = "<group>"; };
		93D1D38A2855EEE400CCFCEE /* FeedImageLoader.swift */ = {isa = PBXFileReference; lastKnownFileType = sourcecode.swift; path = FeedImageLoader.swift; sourceTree = "<group>"; };
		93D1D3A128560B5E00CCFCEE /* FeedImageCellController.swift */ = {isa = PBXFileReference; lastKnownFileType = sourcecode.swift; path = FeedImageCellController.swift; sourceTree = "<group>"; };
		93D1D3AF285A080E00CCFCEE /* Feed.storyboard */ = {isa = PBXFileReference; lastKnownFileType = file.storyboard; path = Feed.storyboard; sourceTree = "<group>"; };
		93D1D3B1285B121B00CCFCEE /* UIImageView+FadeIn.swift */ = {isa = PBXFileReference; lastKnownFileType = sourcecode.swift; path = "UIImageView+FadeIn.swift"; sourceTree = "<group>"; };
		93D1D3B6285B1B7F00CCFCEE /* en */ = {isa = PBXFileReference; lastKnownFileType = text.plist.strings; name = en; path = en.lproj/Feed.strings; sourceTree = "<group>"; };
		93D1D3B8285B1C2200CCFCEE /* uk */ = {isa = PBXFileReference; lastKnownFileType = text.plist.strings; name = uk; path = uk.lproj/Feed.strings; sourceTree = "<group>"; };
		F40FF15D226475ED00359F40 /* AppDelegate.swift */ = {isa = PBXFileReference; lastKnownFileType = sourcecode.swift; path = AppDelegate.swift; sourceTree = "<group>"; };
		F40FF15F226475ED00359F40 /* ViewController.swift */ = {isa = PBXFileReference; lastKnownFileType = sourcecode.swift; path = ViewController.swift; sourceTree = "<group>"; };
		F40FF161226475EF00359F40 /* Assets.xcassets */ = {isa = PBXFileReference; lastKnownFileType = folder.assetcatalog; path = Assets.xcassets; sourceTree = "<group>"; };
		F40FF164226475EF00359F40 /* Base */ = {isa = PBXFileReference; lastKnownFileType = file.storyboard; name = Base; path = Base.lproj/Main.storyboard; sourceTree = "<group>"; };
		F40FF166226475EF00359F40 /* Info.plist */ = {isa = PBXFileReference; lastKnownFileType = text.plist.xml; path = Info.plist; sourceTree = "<group>"; };
		F40FF167226475EF00359F40 /* EssentialDevelopper.entitlements */ = {isa = PBXFileReference; lastKnownFileType = text.plist.entitlements; path = EssentialDevelopper.entitlements; sourceTree = "<group>"; };
		F40FF172226475EF00359F40 /* Info.plist */ = {isa = PBXFileReference; lastKnownFileType = text.plist.xml; path = Info.plist; sourceTree = "<group>"; };
		F40FF189226477A400359F40 /* LoadFeedFromRemoteUseCaseTests.swift */ = {isa = PBXFileReference; lastKnownFileType = sourcecode.swift; path = LoadFeedFromRemoteUseCaseTests.swift; sourceTree = "<group>"; };
		F4632A7D226498DD00BAF4C8 /* RemoteFeedLoader.swift */ = {isa = PBXFileReference; lastKnownFileType = sourcecode.swift; path = RemoteFeedLoader.swift; sourceTree = "<group>"; };
		F4632A822265A82000BAF4C8 /* FeedImage.swift */ = {isa = PBXFileReference; lastKnownFileType = sourcecode.swift; path = FeedImage.swift; sourceTree = "<group>"; };
		F4BA2BC9226603320015EABC /* FeedImageMapper.swift */ = {isa = PBXFileReference; lastKnownFileType = sourcecode.swift; path = FeedImageMapper.swift; sourceTree = "<group>"; };
		F4BA2BCB226605090015EABC /* HTTPClient.swift */ = {isa = PBXFileReference; lastKnownFileType = sourcecode.swift; path = HTTPClient.swift; sourceTree = "<group>"; };
		F4BA2BCE2266112B0015EABC /* FeedLoader.swift */ = {isa = PBXFileReference; lastKnownFileType = sourcecode.swift; path = FeedLoader.swift; sourceTree = "<group>"; };
		F4BA2BD0226702E80015EABC /* URLSessionHTTPClientTests.swift */ = {isa = PBXFileReference; lastKnownFileType = sourcecode.swift; path = URLSessionHTTPClientTests.swift; sourceTree = "<group>"; };
		F4BA2BD22269C6970015EABC /* URLSessionHTTPClient.swift */ = {isa = PBXFileReference; lastKnownFileType = sourcecode.swift; path = URLSessionHTTPClient.swift; sourceTree = "<group>"; };
		F4BA2BE72269E66F0015EABC /* EssentialFeed.framework */ = {isa = PBXFileReference; explicitFileType = wrapper.framework; includeInIndex = 0; path = EssentialFeed.framework; sourceTree = BUILT_PRODUCTS_DIR; };
		F4BA2BEA2269E66F0015EABC /* Info.plist */ = {isa = PBXFileReference; lastKnownFileType = text.plist.xml; path = Info.plist; sourceTree = "<group>"; };
		F4BA2BEF2269E66F0015EABC /* EssentialDeveloperFrameworkTests.xctest */ = {isa = PBXFileReference; explicitFileType = wrapper.cfbundle; includeInIndex = 0; path = EssentialDeveloperFrameworkTests.xctest; sourceTree = BUILT_PRODUCTS_DIR; };
		F4BA2BF62269E66F0015EABC /* Info.plist */ = {isa = PBXFileReference; lastKnownFileType = text.plist.xml; path = Info.plist; sourceTree = "<group>"; };
		F4BA2C0A2269EE690015EABC /* FeedApiEndToEndTests.xctest */ = {isa = PBXFileReference; explicitFileType = wrapper.cfbundle; includeInIndex = 0; path = FeedApiEndToEndTests.xctest; sourceTree = BUILT_PRODUCTS_DIR; };
		F4BA2C0C2269EE690015EABC /* FeedApiEndToEndTests.swift */ = {isa = PBXFileReference; lastKnownFileType = sourcecode.swift; path = FeedApiEndToEndTests.swift; sourceTree = "<group>"; };
		F4BA2C0E2269EE690015EABC /* Info.plist */ = {isa = PBXFileReference; lastKnownFileType = text.plist.xml; path = Info.plist; sourceTree = "<group>"; };
		F4BA2C162269FB600015EABC /* XCTestCase+MemoryLeak.swift */ = {isa = PBXFileReference; lastKnownFileType = sourcecode.swift; path = "XCTestCase+MemoryLeak.swift"; sourceTree = "<group>"; };
/* End PBXFileReference section */

/* Begin PBXFrameworksBuildPhase section */
		93BAE388284F95AF0042B7E1 /* Frameworks */ = {
			isa = PBXFrameworksBuildPhase;
			buildActionMask = 2147483647;
			files = (
				93BAE38F284F95B00042B7E1 /* EssentialFeed.framework in Frameworks */,
			);
			runOnlyForDeploymentPostprocessing = 0;
		};
		93D1D3542852504300CCFCEE /* Frameworks */ = {
			isa = PBXFrameworksBuildPhase;
			buildActionMask = 2147483647;
			files = (
				9371F1E7285B9935006F533A /* EssentialFeed.framework in Frameworks */,
			);
			runOnlyForDeploymentPostprocessing = 0;
		};
		93D1D35D2852504400CCFCEE /* Frameworks */ = {
			isa = PBXFrameworksBuildPhase;
			buildActionMask = 2147483647;
			files = (
				93D1D3612852504400CCFCEE /* EssentialFeed_iOS.framework in Frameworks */,
			);
			runOnlyForDeploymentPostprocessing = 0;
		};
		93D1D373285270D600CCFCEE /* Frameworks */ = {
			isa = PBXFrameworksBuildPhase;
			buildActionMask = 2147483647;
			files = (
			);
			runOnlyForDeploymentPostprocessing = 0;
		};
		F4BA2BE42269E66F0015EABC /* Frameworks */ = {
			isa = PBXFrameworksBuildPhase;
			buildActionMask = 2147483647;
			files = (
			);
			runOnlyForDeploymentPostprocessing = 0;
		};
		F4BA2BEC2269E66F0015EABC /* Frameworks */ = {
			isa = PBXFrameworksBuildPhase;
			buildActionMask = 2147483647;
			files = (
				F4BA2BF02269E66F0015EABC /* EssentialFeed.framework in Frameworks */,
			);
			runOnlyForDeploymentPostprocessing = 0;
		};
		F4BA2C072269EE690015EABC /* Frameworks */ = {
			isa = PBXFrameworksBuildPhase;
			buildActionMask = 2147483647;
			files = (
				F4BA2C0F2269EE690015EABC /* EssentialFeed.framework in Frameworks */,
			);
			runOnlyForDeploymentPostprocessing = 0;
		};
/* End PBXFrameworksBuildPhase section */

/* Begin PBXGroup section */
		9371F1E6285B9935006F533A /* Frameworks */ = {
			isa = PBXGroup;
			children = (
			);
			name = Frameworks;
			sourceTree = "<group>";
		};
		9371F1FB285C72EA006F533A /* Feed Presentation */ = {
			isa = PBXGroup;
			children = (
				9371F1FC285C7322006F533A /* FeedPresenterTests.swift */,
				9371F215285CB8CF006F533A /* FeedImageCellPresenterTests.swift */,
				9371F204285C8102006F533A /* LocalizationTests.swift */,
			);
			path = "Feed Presentation";
			sourceTree = "<group>";
		};
		9371F207285C827B006F533A /* Feed Presentation */ = {
			isa = PBXGroup;
			children = (
				9371F208285C828A006F533A /* FeedPresenter.swift */,
				9371F217285D04B3006F533A /* FeedImageCellPresenter.swift */,
				9371F21D285D0614006F533A /* FeedImageView.swift */,
				9371F20F285C83EE006F533A /* FeedViewModel.swift */,
				9371F21A285D05C6006F533A /* FeedImageViewModel.swift */,
				9371F20C285C839F006F533A /* FeedLoaderViewModel.swift */,
				9371F212285CB47B006F533A /* FeedErrorViewModel.swift */,
				9371F202285C809D006F533A /* Feed.strings */,
			);
			path = "Feed Presentation";
			sourceTree = "<group>";
		};
		9371F22B285F2FE2006F533A /* Helpers */ = {
			isa = PBXGroup;
			children = (
				9371F22C285F2FFE006F533A /* HTTPURLResponse+isOK.swift */,
				9371F22E285F3019006F533A /* SharedTypaliases.swift */,
			);
			path = Helpers;
			sourceTree = "<group>";
		};
		93BAE32E284C886E0042B7E1 /* Feed Cache */ = {
			isa = PBXGroup;
			children = (
				93BAE32F284C889D0042B7E1 /* CacheFeedUseCaseTests.swift */,
				93BAE33A284D2C900042B7E1 /* ValidateFeedCacheUseCaseTests.swift */,
				93BAE336284CE3AD0042B7E1 /* LoadFeedFromCacheUseCaseTests.swift */,
				93BAE33D284D33500042B7E1 /* CacheFeedUseCaseHelpers.swift */,
				93BAE353284F5BAA0042B7E1 /* CoreDataFeedStoreTests.swift */,
				9371F23C285F9039006F533A /* CoreDataImageStoreTests.swift */,
				93BAE347284F43120042B7E1 /* FeedStoreSpecs.swift */,
				93BAE349284F43570042B7E1 /* FeedStoreSpecs+Helpers.swift */,
				93BAE34B284F4D580042B7E1 /* FailableRetreiveStoreSpecs.swift */,
				93BAE34D284F4F560042B7E1 /* FailableInsertStoreSpecs.swift */,
				93BAE34F284F50900042B7E1 /* FailableDeleteStoreSpecs.swift */,
				93BAE351284F590A0042B7E1 /* SerialFeedStore.swift */,
				9371F223285F1654006F533A /* LoadFeedImageFromCacheUseCaseTests.swift */,
				9371F23A285F824B006F533A /* CacheFeedImageUseCaseTests.swift */,
			);
			path = "Feed Cache";
			sourceTree = "<group>";
		};
		93BAE331284CBA250042B7E1 /* Feed Cache */ = {
			isa = PBXGroup;
			children = (
				93BAE332284CBA490042B7E1 /* LocalFeedLoader.swift */,
				9371F234285F62C2006F533A /* LocalFeedImageLoader.swift */,
				9371F236285F62DF006F533A /* LocalImageLoaderTask.swift */,
				93BAE334284CBA700042B7E1 /* FeedStore.swift */,
				93BAE341284DE6650042B7E1 /* FeedCachePolicy.swift */,
				93BAE380284F8A140042B7E1 /* Infrastructure */,
			);
			path = "Feed Cache";
			sourceTree = "<group>";
		};
		93BAE380284F8A140042B7E1 /* Infrastructure */ = {
			isa = PBXGroup;
			children = (
				93BAE358284F62B40042B7E1 /* CoreDataFeedStore.swift */,
				9371F2412860E99E006F533A /* CoreDataFeedStore+FeedStore.swift */,
				9371F23F28604037006F533A /* CoreDataFeedStore+ImageStore.swift */,
				93BAE37D284F6B870042B7E1 /* FeedStore.xcdatamodeld */,
				93BAE381284F8AB80042B7E1 /* CoreDataHelpers.swift */,
				93BAE383284F8AD80042B7E1 /* ManagedFeedCache.swift */,
				93BAE385284F8AE10042B7E1 /* ManagedFeedImage.swift */,
			);
			path = Infrastructure;
			sourceTree = "<group>";
		};
		93BAE38C284F95B00042B7E1 /* FeedCacheIntegrationTests */ = {
			isa = PBXGroup;
			children = (
				93BAE38D284F95B00042B7E1 /* FeedCacheIntegrationTests.swift */,
			);
			path = FeedCacheIntegrationTests;
			sourceTree = "<group>";
		};
		93D1D3582852504300CCFCEE /* EssentialFeed_iOS */ = {
			isa = PBXGroup;
			children = (
				93D1D3892855EED300CCFCEE /* Feed Presentation */,
				93D1D3AA2858712100CCFCEE /* FeedUI */,
				93D1D35A2852504300CCFCEE /* EssentialFeed_iOS.docc */,
				93D1D3AF285A080E00CCFCEE /* Feed.storyboard */,
			);
			path = EssentialFeed_iOS;
			sourceTree = "<group>";
		};
		93D1D3642852504400CCFCEE /* EssentialFeed_iOSTests */ = {
			isa = PBXGroup;
			children = (
				93883C96286821D90084C168 /* FeedSnapshotTests.swift */,
				93883C982869A26B0084C168 /* UIImage+WithColor.swift */,
			);
			path = EssentialFeed_iOSTests;
			sourceTree = "<group>";
		};
		93D1D3862855EE7C00CCFCEE /* Controllers */ = {
			isa = PBXGroup;
			children = (
				93D1D37E2853D2A000CCFCEE /* FeedViewController.swift */,
				93D1D3A128560B5E00CCFCEE /* FeedImageCellController.swift */,
			);
			path = Controllers;
			sourceTree = "<group>";
		};
		93D1D3872855EE8200CCFCEE /* Views */ = {
			isa = PBXGroup;
			children = (
				93D1D3822854EAE900CCFCEE /* UIVIew+Shimmering.swift */,
				9371F1F9285C64D1006F533A /* UITableView+ErrorHeader.swift */,
				93D1D3842855BCAE00CCFCEE /* FeedImageCell.swift */,
				93D1D3B1285B121B00CCFCEE /* UIImageView+FadeIn.swift */,
				9371F1F7285C6067006F533A /* FeedErrorHeaderView.swift */,
			);
			path = Views;
			sourceTree = "<group>";
		};
		93D1D3892855EED300CCFCEE /* Feed Presentation */ = {
			isa = PBXGroup;
			children = (
				93D1D3B7285B1B7F00CCFCEE /* Feed.strings */,
			);
			path = "Feed Presentation";
			sourceTree = "<group>";
		};
		93D1D3A9285870F400CCFCEE /* Feed Feature */ = {
			isa = PBXGroup;
			children = (
				F4BA2BCE2266112B0015EABC /* FeedLoader.swift */,
				93D1D38A2855EEE400CCFCEE /* FeedImageLoader.swift */,
			);
			path = "Feed Feature";
			sourceTree = "<group>";
		};
		93D1D3AA2858712100CCFCEE /* FeedUI */ = {
			isa = PBXGroup;
			children = (
				93D1D3872855EE8200CCFCEE /* Views */,
				93D1D3862855EE7C00CCFCEE /* Controllers */,
			);
			path = FeedUI;
			sourceTree = "<group>";
		};
		F40FF151226475ED00359F40 = {
			isa = PBXGroup;
			children = (
				F40FF15C226475ED00359F40 /* EssentialDevelopper */,
				F40FF16F226475EF00359F40 /* EssentialDevelopperTests */,
				F4BA2BE82269E66F0015EABC /* EssentialDeveloperFramework */,
				F4BA2BF32269E66F0015EABC /* EssentialDeveloperFrameworkTests */,
				F4BA2C0B2269EE690015EABC /* FeedApiEndToEndTests */,
				93BAE38C284F95B00042B7E1 /* FeedCacheIntegrationTests */,
				93D1D3582852504300CCFCEE /* EssentialFeed_iOS */,
				93D1D3642852504400CCFCEE /* EssentialFeed_iOSTests */,
				F40FF15B226475ED00359F40 /* Products */,
				9371F1E6285B9935006F533A /* Frameworks */,
			);
			sourceTree = "<group>";
		};
		F40FF15B226475ED00359F40 /* Products */ = {
			isa = PBXGroup;
			children = (
				F4BA2BE72269E66F0015EABC /* EssentialFeed.framework */,
				F4BA2BEF2269E66F0015EABC /* EssentialDeveloperFrameworkTests.xctest */,
				F4BA2C0A2269EE690015EABC /* FeedApiEndToEndTests.xctest */,
				93BAE38B284F95AF0042B7E1 /* FeedCacheIntegrationTests.xctest */,
				93D1D3572852504300CCFCEE /* EssentialFeed_iOS.framework */,
				93D1D3602852504400CCFCEE /* EssentialFeed_iOSTests.xctest */,
				93D1D378285270D600CCFCEE /* EssentialFeed_macOS.framework */,
			);
			name = Products;
			sourceTree = "<group>";
		};
		F40FF15C226475ED00359F40 /* EssentialDevelopper */ = {
			isa = PBXGroup;
			children = (
				F40FF15D226475ED00359F40 /* AppDelegate.swift */,
				F40FF15F226475ED00359F40 /* ViewController.swift */,
				F40FF161226475EF00359F40 /* Assets.xcassets */,
				F40FF163226475EF00359F40 /* Main.storyboard */,
				F40FF166226475EF00359F40 /* Info.plist */,
				F40FF167226475EF00359F40 /* EssentialDevelopper.entitlements */,
			);
			path = EssentialDevelopper;
			sourceTree = "<group>";
		};
		F40FF16F226475EF00359F40 /* EssentialDevelopperTests */ = {
			isa = PBXGroup;
			children = (
				F40FF172226475EF00359F40 /* Info.plist */,
			);
			path = EssentialDevelopperTests;
			sourceTree = "<group>";
		};
		F4632A8122649C2B00BAF4C8 /* Feed API */ = {
			isa = PBXGroup;
			children = (
				9371F22B285F2FE2006F533A /* Helpers */,
				F4632A7D226498DD00BAF4C8 /* RemoteFeedLoader.swift */,
				9371F229285F2A85006F533A /* RemoteFeedImageLoader.swift */,
				9371F232285F30BF006F533A /* ImageLoadingError.swift */,
				9371F230285F3079006F533A /* RemoteImageLoadingTask.swift */,
				F4BA2BC9226603320015EABC /* FeedImageMapper.swift */,
				F4632A822265A82000BAF4C8 /* FeedImage.swift */,
				F4BA2BCB226605090015EABC /* HTTPClient.swift */,
				F4BA2BD22269C6970015EABC /* URLSessionHTTPClient.swift */,
			);
			path = "Feed API";
			sourceTree = "<group>";
		};
		F4BA2BCD22660D580015EABC /* Feed API */ = {
			isa = PBXGroup;
			children = (
				F40FF189226477A400359F40 /* LoadFeedFromRemoteUseCaseTests.swift */,
				F4BA2BD0226702E80015EABC /* URLSessionHTTPClientTests.swift */,
				9371F221285DEB94006F533A /* LoadImageDataFromRemoteUseCaseTests.swift */,
				9371F225285F223E006F533A /* URLProtocolStub.swift */,
				9371F227285F2826006F533A /* HTTPClientSpy.swift */,
			);
			path = "Feed API";
			sourceTree = "<group>";
		};
		F4BA2BE82269E66F0015EABC /* EssentialDeveloperFramework */ = {
			isa = PBXGroup;
			children = (
				93D1D3A9285870F400CCFCEE /* Feed Feature */,
				9371F207285C827B006F533A /* Feed Presentation */,
				93BAE331284CBA250042B7E1 /* Feed Cache */,
				F4632A8122649C2B00BAF4C8 /* Feed API */,
				F4BA2BEA2269E66F0015EABC /* Info.plist */,
			);
			path = EssentialDeveloperFramework;
			sourceTree = "<group>";
		};
		F4BA2BF32269E66F0015EABC /* EssentialDeveloperFrameworkTests */ = {
			isa = PBXGroup;
			children = (
				9371F1FB285C72EA006F533A /* Feed Presentation */,
				93BAE32E284C886E0042B7E1 /* Feed Cache */,
				F4BA2BCD22660D580015EABC /* Feed API */,
				F4BA2C152269FB430015EABC /* Helpers */,
				93BAE33F284D34820042B7E1 /* SharedTestHelpers.swift */,
				9371F238285F81AA006F533A /* ImageStoreSpy.swift */,
				F4BA2BF62269E66F0015EABC /* Info.plist */,
			);
			path = EssentialDeveloperFrameworkTests;
			sourceTree = "<group>";
		};
		F4BA2C0B2269EE690015EABC /* FeedApiEndToEndTests */ = {
			isa = PBXGroup;
			children = (
				F4BA2C0C2269EE690015EABC /* FeedApiEndToEndTests.swift */,
				F4BA2C0E2269EE690015EABC /* Info.plist */,
			);
			path = FeedApiEndToEndTests;
			sourceTree = "<group>";
		};
		F4BA2C152269FB430015EABC /* Helpers */ = {
			isa = PBXGroup;
			children = (
				F4BA2C162269FB600015EABC /* XCTestCase+MemoryLeak.swift */,
				93BAE338284CE3D60042B7E1 /* FeedStoreSpy.swift */,
			);
			path = Helpers;
			sourceTree = "<group>";
		};
/* End PBXGroup section */

/* Begin PBXHeadersBuildPhase section */
		93D1D3522852504300CCFCEE /* Headers */ = {
			isa = PBXHeadersBuildPhase;
			buildActionMask = 2147483647;
			files = (
			);
			runOnlyForDeploymentPostprocessing = 0;
		};
		93D1D36F285270D600CCFCEE /* Headers */ = {
			isa = PBXHeadersBuildPhase;
			buildActionMask = 2147483647;
			files = (
			);
			runOnlyForDeploymentPostprocessing = 0;
		};
		F4BA2BE22269E66F0015EABC /* Headers */ = {
			isa = PBXHeadersBuildPhase;
			buildActionMask = 2147483647;
			files = (
			);
			runOnlyForDeploymentPostprocessing = 0;
		};
/* End PBXHeadersBuildPhase section */

/* Begin PBXNativeTarget section */
		93BAE38A284F95AF0042B7E1 /* FeedCacheIntegrationTests */ = {
			isa = PBXNativeTarget;
			buildConfigurationList = 93BAE392284F95B00042B7E1 /* Build configuration list for PBXNativeTarget "FeedCacheIntegrationTests" */;
			buildPhases = (
				93BAE387284F95AF0042B7E1 /* Sources */,
				93BAE388284F95AF0042B7E1 /* Frameworks */,
				93BAE389284F95AF0042B7E1 /* Resources */,
			);
			buildRules = (
			);
			dependencies = (
				93BAE391284F95B00042B7E1 /* PBXTargetDependency */,
			);
			name = FeedCacheIntegrationTests;
			productName = FeedCacheIntegrationTests;
			productReference = 93BAE38B284F95AF0042B7E1 /* FeedCacheIntegrationTests.xctest */;
			productType = "com.apple.product-type.bundle.unit-test";
		};
		93D1D3562852504300CCFCEE /* EssentialFeed_iOS */ = {
			isa = PBXNativeTarget;
			buildConfigurationList = 93D1D3682852504400CCFCEE /* Build configuration list for PBXNativeTarget "EssentialFeed_iOS" */;
			buildPhases = (
				93D1D3522852504300CCFCEE /* Headers */,
				93D1D3532852504300CCFCEE /* Sources */,
				93D1D3542852504300CCFCEE /* Frameworks */,
				93D1D3552852504300CCFCEE /* Resources */,
				9371F1EB285B9935006F533A /* Embed Frameworks */,
			);
			buildRules = (
			);
			dependencies = (
				9371F1EA285B9935006F533A /* PBXTargetDependency */,
			);
			name = EssentialFeed_iOS;
			productName = EssentialFeed_iOS;
			productReference = 93D1D3572852504300CCFCEE /* EssentialFeed_iOS.framework */;
			productType = "com.apple.product-type.framework";
		};
		93D1D35F2852504400CCFCEE /* EssentialFeed_iOSTests */ = {
			isa = PBXNativeTarget;
			buildConfigurationList = 93D1D36B2852504400CCFCEE /* Build configuration list for PBXNativeTarget "EssentialFeed_iOSTests" */;
			buildPhases = (
				93D1D35C2852504400CCFCEE /* Sources */,
				93D1D35D2852504400CCFCEE /* Frameworks */,
				93D1D35E2852504400CCFCEE /* Resources */,
			);
			buildRules = (
			);
			dependencies = (
				93D1D3632852504400CCFCEE /* PBXTargetDependency */,
			);
			name = EssentialFeed_iOSTests;
			productName = EssentialFeed_iOSTests;
			productReference = 93D1D3602852504400CCFCEE /* EssentialFeed_iOSTests.xctest */;
			productType = "com.apple.product-type.bundle.unit-test";
		};
		93D1D36E285270D600CCFCEE /* EssentialFeed_macOS */ = {
			isa = PBXNativeTarget;
			buildConfigurationList = 93D1D375285270D600CCFCEE /* Build configuration list for PBXNativeTarget "EssentialFeed_macOS" */;
			buildPhases = (
				93D1D36F285270D600CCFCEE /* Headers */,
				93D1D371285270D600CCFCEE /* Sources */,
				93D1D373285270D600CCFCEE /* Frameworks */,
				93D1D374285270D600CCFCEE /* Resources */,
			);
			buildRules = (
			);
			dependencies = (
			);
			name = EssentialFeed_macOS;
			productName = EssentialFeed_iOS;
			productReference = 93D1D378285270D600CCFCEE /* EssentialFeed_macOS.framework */;
			productType = "com.apple.product-type.framework";
		};
		F4BA2BE62269E66F0015EABC /* EssentialFeed */ = {
			isa = PBXNativeTarget;
			buildConfigurationList = F4BA2BF82269E66F0015EABC /* Build configuration list for PBXNativeTarget "EssentialFeed" */;
			buildPhases = (
				F4BA2BE22269E66F0015EABC /* Headers */,
				F4BA2BE32269E66F0015EABC /* Sources */,
				F4BA2BE42269E66F0015EABC /* Frameworks */,
				F4BA2BE52269E66F0015EABC /* Resources */,
			);
			buildRules = (
			);
			dependencies = (
			);
			name = EssentialFeed;
			productName = EssentialDeveloperFramework;
			productReference = F4BA2BE72269E66F0015EABC /* EssentialFeed.framework */;
			productType = "com.apple.product-type.framework";
		};
		F4BA2BEE2269E66F0015EABC /* EssentialDeveloperFrameworkTests */ = {
			isa = PBXNativeTarget;
			buildConfigurationList = F4BA2BFB2269E66F0015EABC /* Build configuration list for PBXNativeTarget "EssentialDeveloperFrameworkTests" */;
			buildPhases = (
				F4BA2BEB2269E66F0015EABC /* Sources */,
				F4BA2BEC2269E66F0015EABC /* Frameworks */,
				F4BA2BED2269E66F0015EABC /* Resources */,
			);
			buildRules = (
			);
			dependencies = (
				F4BA2BF22269E66F0015EABC /* PBXTargetDependency */,
			);
			name = EssentialDeveloperFrameworkTests;
			productName = EssentialDeveloperFrameworkTests;
			productReference = F4BA2BEF2269E66F0015EABC /* EssentialDeveloperFrameworkTests.xctest */;
			productType = "com.apple.product-type.bundle.unit-test";
		};
		F4BA2C092269EE690015EABC /* FeedApiEndToEndTests */ = {
			isa = PBXNativeTarget;
			buildConfigurationList = F4BA2C122269EE690015EABC /* Build configuration list for PBXNativeTarget "FeedApiEndToEndTests" */;
			buildPhases = (
				F4BA2C062269EE690015EABC /* Sources */,
				F4BA2C072269EE690015EABC /* Frameworks */,
				F4BA2C082269EE690015EABC /* Resources */,
			);
			buildRules = (
			);
			dependencies = (
				F4BA2C112269EE690015EABC /* PBXTargetDependency */,
			);
			name = FeedApiEndToEndTests;
			productName = FeedApiEndToEndTests;
			productReference = F4BA2C0A2269EE690015EABC /* FeedApiEndToEndTests.xctest */;
			productType = "com.apple.product-type.bundle.unit-test";
		};
/* End PBXNativeTarget section */

/* Begin PBXProject section */
		F40FF152226475ED00359F40 /* Project object */ = {
			isa = PBXProject;
			attributes = {
				LastSwiftUpdateCheck = 1330;
				LastUpgradeCheck = 1330;
				ORGANIZATIONNAME = "Andre Kvashuk";
				TargetAttributes = {
					93BAE38A284F95AF0042B7E1 = {
						CreatedOnToolsVersion = 13.3;
					};
					93D1D3562852504300CCFCEE = {
						CreatedOnToolsVersion = 13.3;
					};
					93D1D35F2852504400CCFCEE = {
						CreatedOnToolsVersion = 13.3;
						LastSwiftMigration = 1330;
					};
					F4BA2BE62269E66F0015EABC = {
						CreatedOnToolsVersion = 10.2;
						LastSwiftMigration = 1330;
					};
					F4BA2BEE2269E66F0015EABC = {
						CreatedOnToolsVersion = 10.2;
						LastSwiftMigration = 1330;
					};
					F4BA2C092269EE690015EABC = {
						CreatedOnToolsVersion = 10.2;
					};
				};
			};
			buildConfigurationList = F40FF155226475ED00359F40 /* Build configuration list for PBXProject "EssentialDevelopper" */;
			compatibilityVersion = "Xcode 9.3";
			developmentRegion = en;
			hasScannedForEncodings = 0;
			knownRegions = (
				en,
				Base,
				uk,
			);
			mainGroup = F40FF151226475ED00359F40;
			productRefGroup = F40FF15B226475ED00359F40 /* Products */;
			projectDirPath = "";
			projectRoot = "";
			targets = (
				F4BA2BE62269E66F0015EABC /* EssentialFeed */,
				F4BA2BEE2269E66F0015EABC /* EssentialDeveloperFrameworkTests */,
				F4BA2C092269EE690015EABC /* FeedApiEndToEndTests */,
				93BAE38A284F95AF0042B7E1 /* FeedCacheIntegrationTests */,
				93D1D3562852504300CCFCEE /* EssentialFeed_iOS */,
				93D1D35F2852504400CCFCEE /* EssentialFeed_iOSTests */,
				93D1D36E285270D600CCFCEE /* EssentialFeed_macOS */,
			);
		};
/* End PBXProject section */

/* Begin PBXResourcesBuildPhase section */
		93BAE389284F95AF0042B7E1 /* Resources */ = {
			isa = PBXResourcesBuildPhase;
			buildActionMask = 2147483647;
			files = (
			);
			runOnlyForDeploymentPostprocessing = 0;
		};
		93D1D3552852504300CCFCEE /* Resources */ = {
			isa = PBXResourcesBuildPhase;
			buildActionMask = 2147483647;
			files = (
				93D1D3B5285B1B7F00CCFCEE /* Feed.strings in Resources */,
				93D1D3B0285A080F00CCFCEE /* Feed.storyboard in Resources */,
			);
			runOnlyForDeploymentPostprocessing = 0;
		};
		93D1D35E2852504400CCFCEE /* Resources */ = {
			isa = PBXResourcesBuildPhase;
			buildActionMask = 2147483647;
			files = (
			);
			runOnlyForDeploymentPostprocessing = 0;
		};
		93D1D374285270D600CCFCEE /* Resources */ = {
			isa = PBXResourcesBuildPhase;
			buildActionMask = 2147483647;
			files = (
			);
			runOnlyForDeploymentPostprocessing = 0;
		};
		F4BA2BE52269E66F0015EABC /* Resources */ = {
			isa = PBXResourcesBuildPhase;
			buildActionMask = 2147483647;
			files = (
				9371F20B285C8344006F533A /* Feed.strings in Resources */,
			);
			runOnlyForDeploymentPostprocessing = 0;
		};
		F4BA2BED2269E66F0015EABC /* Resources */ = {
			isa = PBXResourcesBuildPhase;
			buildActionMask = 2147483647;
			files = (
			);
			runOnlyForDeploymentPostprocessing = 0;
		};
		F4BA2C082269EE690015EABC /* Resources */ = {
			isa = PBXResourcesBuildPhase;
			buildActionMask = 2147483647;
			files = (
			);
			runOnlyForDeploymentPostprocessing = 0;
		};
/* End PBXResourcesBuildPhase section */

/* Begin PBXSourcesBuildPhase section */
		93BAE387284F95AF0042B7E1 /* Sources */ = {
			isa = PBXSourcesBuildPhase;
			buildActionMask = 2147483647;
			files = (
				93BAE397284F9F7D0042B7E1 /* SharedTestHelpers.swift in Sources */,
				93BAE395284F975E0042B7E1 /* XCTestCase+MemoryLeak.swift in Sources */,
				93BAE38E284F95B00042B7E1 /* FeedCacheIntegrationTests.swift in Sources */,
				93BAE396284F9D3E0042B7E1 /* CacheFeedUseCaseHelpers.swift in Sources */,
			);
			runOnlyForDeploymentPostprocessing = 0;
		};
		93D1D3532852504300CCFCEE /* Sources */ = {
			isa = PBXSourcesBuildPhase;
			buildActionMask = 2147483647;
			files = (
				93D1D35B2852504300CCFCEE /* EssentialFeed_iOS.docc in Sources */,
				93D1D3832854EAE900CCFCEE /* UIVIew+Shimmering.swift in Sources */,
				93D1D3B2285B121B00CCFCEE /* UIImageView+FadeIn.swift in Sources */,
				93D1D3A228560B5E00CCFCEE /* FeedImageCellController.swift in Sources */,
				93D1D381285494ED00CCFCEE /* FeedViewController.swift in Sources */,
				93D1D380285494D000CCFCEE /* SharedTestHelpers.swift in Sources */,
				9371F1F8285C6067006F533A /* FeedErrorHeaderView.swift in Sources */,
				93D1D3852855BCAE00CCFCEE /* FeedImageCell.swift in Sources */,
				9371F1FA285C64D1006F533A /* UITableView+ErrorHeader.swift in Sources */,
			);
			runOnlyForDeploymentPostprocessing = 0;
		};
		93D1D35C2852504400CCFCEE /* Sources */ = {
			isa = PBXSourcesBuildPhase;
			buildActionMask = 2147483647;
			files = (
				93D1D37D2853C50D00CCFCEE /* XCTestCase+MemoryLeak.swift in Sources */,
				93883C992869A26B0084C168 /* UIImage+WithColor.swift in Sources */,
				93883C97286821D90084C168 /* FeedSnapshotTests.swift in Sources */,
			);
			runOnlyForDeploymentPostprocessing = 0;
		};
		93D1D371285270D600CCFCEE /* Sources */ = {
			isa = PBXSourcesBuildPhase;
			buildActionMask = 2147483647;
			files = (
				93D1D372285270D600CCFCEE /* EssentialFeed_iOS.docc in Sources */,
			);
			runOnlyForDeploymentPostprocessing = 0;
		};
		F4BA2BE32269E66F0015EABC /* Sources */ = {
			isa = PBXSourcesBuildPhase;
			buildActionMask = 2147483647;
			files = (
				93BAE386284F8AE10042B7E1 /* ManagedFeedImage.swift in Sources */,
				F4BA2C052269E7E90015EABC /* FeedLoader.swift in Sources */,
				9371F22F285F3019006F533A /* SharedTypaliases.swift in Sources */,
				9371F237285F62DF006F533A /* LocalImageLoaderTask.swift in Sources */,
				F4BA2C002269E7DF0015EABC /* RemoteFeedLoader.swift in Sources */,
				F4BA2C042269E7E90015EABC /* URLSessionHTTPClient.swift in Sources */,
				93BAE335284CBA700042B7E1 /* FeedStore.swift in Sources */,
				9371F211285C83FC006F533A /* FeedViewModel.swift in Sources */,
				9371F233285F30BF006F533A /* ImageLoadingError.swift in Sources */,
				93BAE382284F8AB80042B7E1 /* CoreDataHelpers.swift in Sources */,
				93BAE333284CBA490042B7E1 /* LocalFeedLoader.swift in Sources */,
				9371F231285F3079006F533A /* RemoteImageLoadingTask.swift in Sources */,
				93BAE359284F62B40042B7E1 /* CoreDataFeedStore.swift in Sources */,
				9371F214285CB523006F533A /* FeedErrorViewModel.swift in Sources */,
				9371F2422860E99E006F533A /* CoreDataFeedStore+FeedStore.swift in Sources */,
				9371F24028604037006F533A /* CoreDataFeedStore+ImageStore.swift in Sources */,
				9371F21F285D0628006F533A /* FeedImageView.swift in Sources */,
				9371F235285F62C2006F533A /* LocalFeedImageLoader.swift in Sources */,
				93BAE384284F8AD80042B7E1 /* ManagedFeedCache.swift in Sources */,
				93BAE37F284F6B870042B7E1 /* FeedStore.xcdatamodeld in Sources */,
				9371F20A285C82EE006F533A /* FeedPresenter.swift in Sources */,
				F4BA2C012269E7E30015EABC /* FeedImageMapper.swift in Sources */,
				9371F21C285D05E2006F533A /* FeedImageViewModel.swift in Sources */,
				9371F22D285F2FFE006F533A /* HTTPURLResponse+isOK.swift in Sources */,
				9371F20E285C83CC006F533A /* FeedLoaderViewModel.swift in Sources */,
				F4BA2C032269E7E90015EABC /* HTTPClient.swift in Sources */,
				9371F22A285F2A85006F533A /* RemoteFeedImageLoader.swift in Sources */,
				F4BA2C022269E7E90015EABC /* FeedImage.swift in Sources */,
				9371F219285D04E5006F533A /* FeedImageCellPresenter.swift in Sources */,
				9371F220285DEAA1006F533A /* FeedImageLoader.swift in Sources */,
				93BAE342284DE6660042B7E1 /* FeedCachePolicy.swift in Sources */,
			);
			runOnlyForDeploymentPostprocessing = 0;
		};
		F4BA2BEB2269E66F0015EABC /* Sources */ = {
			isa = PBXSourcesBuildPhase;
			buildActionMask = 2147483647;
			files = (
				93BAE34A284F43570042B7E1 /* FeedStoreSpecs+Helpers.swift in Sources */,
				93BAE352284F590A0042B7E1 /* SerialFeedStore.swift in Sources */,
				9371F239285F81AA006F533A /* ImageStoreSpy.swift in Sources */,
				93BAE33B284D2C900042B7E1 /* ValidateFeedCacheUseCaseTests.swift in Sources */,
				9371F228285F2826006F533A /* HTTPClientSpy.swift in Sources */,
				F4BA2BFE2269E7850015EABC /* LoadFeedFromRemoteUseCaseTests.swift in Sources */,
				93BAE34C284F4D580042B7E1 /* FailableRetreiveStoreSpecs.swift in Sources */,
				93BAE354284F5BAA0042B7E1 /* CoreDataFeedStoreTests.swift in Sources */,
				9371F1FD285C7322006F533A /* FeedPresenterTests.swift in Sources */,
				93BAE34E284F4F560042B7E1 /* FailableInsertStoreSpecs.swift in Sources */,
				9371F206285C8130006F533A /* LocalizationTests.swift in Sources */,
				F4BA2C172269FB600015EABC /* XCTestCase+MemoryLeak.swift in Sources */,
				93BAE339284CE3D60042B7E1 /* FeedStoreSpy.swift in Sources */,
				93BAE33E284D33500042B7E1 /* CacheFeedUseCaseHelpers.swift in Sources */,
				9371F222285DEB94006F533A /* LoadImageDataFromRemoteUseCaseTests.swift in Sources */,
				93BAE350284F50910042B7E1 /* FailableDeleteStoreSpecs.swift in Sources */,
				93BAE340284D34820042B7E1 /* SharedTestHelpers.swift in Sources */,
				9371F226285F223E006F533A /* URLProtocolStub.swift in Sources */,
				9371F224285F1654006F533A /* LoadFeedImageFromCacheUseCaseTests.swift in Sources */,
				93BAE330284C889D0042B7E1 /* CacheFeedUseCaseTests.swift in Sources */,
				9371F23D285F9039006F533A /* CoreDataImageStoreTests.swift in Sources */,
				93BAE337284CE3AE0042B7E1 /* LoadFeedFromCacheUseCaseTests.swift in Sources */,
				93BAE348284F43120042B7E1 /* FeedStoreSpecs.swift in Sources */,
				F4BA2BFF2269E7850015EABC /* URLSessionHTTPClientTests.swift in Sources */,
				9371F216285CB8CF006F533A /* FeedImageCellPresenterTests.swift in Sources */,
				9371F23B285F824B006F533A /* CacheFeedImageUseCaseTests.swift in Sources */,
			);
			runOnlyForDeploymentPostprocessing = 0;
		};
		F4BA2C062269EE690015EABC /* Sources */ = {
			isa = PBXSourcesBuildPhase;
			buildActionMask = 2147483647;
			files = (
				F4BA2C18226A05560015EABC /* XCTestCase+MemoryLeak.swift in Sources */,
				F4BA2C0D2269EE690015EABC /* FeedApiEndToEndTests.swift in Sources */,
			);
			runOnlyForDeploymentPostprocessing = 0;
		};
/* End PBXSourcesBuildPhase section */

/* Begin PBXTargetDependency section */
		9371F1EA285B9935006F533A /* PBXTargetDependency */ = {
			isa = PBXTargetDependency;
			platformFilter = ios;
			target = F4BA2BE62269E66F0015EABC /* EssentialFeed */;
			targetProxy = 9371F1E9285B9935006F533A /* PBXContainerItemProxy */;
		};
		93BAE391284F95B00042B7E1 /* PBXTargetDependency */ = {
			isa = PBXTargetDependency;
			target = F4BA2BE62269E66F0015EABC /* EssentialFeed */;
			targetProxy = 93BAE390284F95B00042B7E1 /* PBXContainerItemProxy */;
		};
		93D1D3632852504400CCFCEE /* PBXTargetDependency */ = {
			isa = PBXTargetDependency;
			target = 93D1D3562852504300CCFCEE /* EssentialFeed_iOS */;
			targetProxy = 93D1D3622852504400CCFCEE /* PBXContainerItemProxy */;
		};
		F4BA2BF22269E66F0015EABC /* PBXTargetDependency */ = {
			isa = PBXTargetDependency;
			target = F4BA2BE62269E66F0015EABC /* EssentialFeed */;
			targetProxy = F4BA2BF12269E66F0015EABC /* PBXContainerItemProxy */;
		};
		F4BA2C112269EE690015EABC /* PBXTargetDependency */ = {
			isa = PBXTargetDependency;
			target = F4BA2BE62269E66F0015EABC /* EssentialFeed */;
			targetProxy = F4BA2C102269EE690015EABC /* PBXContainerItemProxy */;
		};
/* End PBXTargetDependency section */

/* Begin PBXVariantGroup section */
		9371F202285C809D006F533A /* Feed.strings */ = {
			isa = PBXVariantGroup;
			children = (
				9371F201285C809D006F533A /* en */,
				9371F203285C809F006F533A /* uk */,
			);
			name = Feed.strings;
			sourceTree = "<group>";
		};
		93D1D3B7285B1B7F00CCFCEE /* Feed.strings */ = {
			isa = PBXVariantGroup;
			children = (
				93D1D3B6285B1B7F00CCFCEE /* en */,
				93D1D3B8285B1C2200CCFCEE /* uk */,
			);
			name = Feed.strings;
			sourceTree = "<group>";
		};
		F40FF163226475EF00359F40 /* Main.storyboard */ = {
			isa = PBXVariantGroup;
			children = (
				F40FF164226475EF00359F40 /* Base */,
			);
			name = Main.storyboard;
			sourceTree = "<group>";
		};
/* End PBXVariantGroup section */

/* Begin XCBuildConfiguration section */
		93BAE393284F95B00042B7E1 /* Debug */ = {
			isa = XCBuildConfiguration;
			buildSettings = {
				CLANG_CXX_LANGUAGE_STANDARD = "gnu++17";
				CODE_SIGN_STYLE = Automatic;
				CURRENT_PROJECT_VERSION = 1;
				DEVELOPMENT_TEAM = K9U45N8FBN;
				GENERATE_INFOPLIST_FILE = YES;
				MACOSX_DEPLOYMENT_TARGET = 12.3;
				MARKETING_VERSION = 1.0;
				PRODUCT_BUNDLE_IDENTIFIER = kvakTest.FeedCacheIntegrationTests;
				PRODUCT_NAME = "$(TARGET_NAME)";
				SUPPORTED_PLATFORMS = "macosx iphonesimulator iphoneos";
				SWIFT_EMIT_LOC_STRINGS = NO;
				SWIFT_VERSION = 5.0;
			};
			name = Debug;
		};
		93BAE394284F95B00042B7E1 /* Release */ = {
			isa = XCBuildConfiguration;
			buildSettings = {
				CLANG_CXX_LANGUAGE_STANDARD = "gnu++17";
				CODE_SIGN_STYLE = Automatic;
				CURRENT_PROJECT_VERSION = 1;
				DEVELOPMENT_TEAM = K9U45N8FBN;
				GENERATE_INFOPLIST_FILE = YES;
				MACOSX_DEPLOYMENT_TARGET = 12.3;
				MARKETING_VERSION = 1.0;
				PRODUCT_BUNDLE_IDENTIFIER = kvakTest.FeedCacheIntegrationTests;
				PRODUCT_NAME = "$(TARGET_NAME)";
				SUPPORTED_PLATFORMS = "macosx iphonesimulator iphoneos";
				SWIFT_EMIT_LOC_STRINGS = NO;
				SWIFT_VERSION = 5.0;
			};
			name = Release;
		};
		93D1D3692852504400CCFCEE /* Debug */ = {
			isa = XCBuildConfiguration;
			buildSettings = {
				CLANG_CXX_LANGUAGE_STANDARD = "gnu++17";
				CODE_SIGN_STYLE = Automatic;
				COMBINE_HIDPI_IMAGES = YES;
				CURRENT_PROJECT_VERSION = 1;
				DEFINES_MODULE = YES;
				DEVELOPMENT_TEAM = K9U45N8FBN;
				DYLIB_COMPATIBILITY_VERSION = 1;
				DYLIB_CURRENT_VERSION = 1;
				DYLIB_INSTALL_NAME_BASE = "@rpath";
				GENERATE_INFOPLIST_FILE = YES;
				INFOPLIST_KEY_NSHumanReadableCopyright = "Copyright © 2022 Andre Kvashuk. All rights reserved.";
				INSTALL_PATH = "$(LOCAL_LIBRARY_DIR)/Frameworks";
				LD_RUNPATH_SEARCH_PATHS = (
					"$(inherited)",
					"@executable_path/../Frameworks",
					"@loader_path/Frameworks",
				);
				MACOSX_DEPLOYMENT_TARGET = 12.3;
				MARKETING_VERSION = 1.0;
				PRODUCT_BUNDLE_IDENTIFIER = "kvakTest.essentialFeed.EssentialFeed-iOS";
				PRODUCT_NAME = "$(TARGET_NAME:c99extidentifier)";
				SDKROOT = iphoneos;
				SKIP_INSTALL = YES;
				SUPPORTED_PLATFORMS = "iphonesimulator iphoneos";
				SWIFT_EMIT_LOC_STRINGS = YES;
				SWIFT_VERSION = 5.0;
				VERSIONING_SYSTEM = "apple-generic";
				VERSION_INFO_PREFIX = "";
			};
			name = Debug;
		};
		93D1D36A2852504400CCFCEE /* Release */ = {
			isa = XCBuildConfiguration;
			buildSettings = {
				CLANG_CXX_LANGUAGE_STANDARD = "gnu++17";
				CODE_SIGN_STYLE = Automatic;
				COMBINE_HIDPI_IMAGES = YES;
				CURRENT_PROJECT_VERSION = 1;
				DEFINES_MODULE = YES;
				DEVELOPMENT_TEAM = K9U45N8FBN;
				DYLIB_COMPATIBILITY_VERSION = 1;
				DYLIB_CURRENT_VERSION = 1;
				DYLIB_INSTALL_NAME_BASE = "@rpath";
				GENERATE_INFOPLIST_FILE = YES;
				INFOPLIST_KEY_NSHumanReadableCopyright = "Copyright © 2022 Andre Kvashuk. All rights reserved.";
				INSTALL_PATH = "$(LOCAL_LIBRARY_DIR)/Frameworks";
				LD_RUNPATH_SEARCH_PATHS = (
					"$(inherited)",
					"@executable_path/../Frameworks",
					"@loader_path/Frameworks",
				);
				MACOSX_DEPLOYMENT_TARGET = 12.3;
				MARKETING_VERSION = 1.0;
				PRODUCT_BUNDLE_IDENTIFIER = "kvakTest.essentialFeed.EssentialFeed-iOS";
				PRODUCT_NAME = "$(TARGET_NAME:c99extidentifier)";
				SDKROOT = iphoneos;
				SKIP_INSTALL = YES;
				SUPPORTED_PLATFORMS = "iphonesimulator iphoneos";
				SWIFT_EMIT_LOC_STRINGS = YES;
				SWIFT_VERSION = 5.0;
				VERSIONING_SYSTEM = "apple-generic";
				VERSION_INFO_PREFIX = "";
			};
			name = Release;
		};
		93D1D36C2852504400CCFCEE /* Debug */ = {
			isa = XCBuildConfiguration;
			buildSettings = {
				ALWAYS_EMBED_SWIFT_STANDARD_LIBRARIES = YES;
				CLANG_CXX_LANGUAGE_STANDARD = "gnu++17";
				CLANG_ENABLE_MODULES = YES;
				CODE_SIGN_STYLE = Automatic;
				CURRENT_PROJECT_VERSION = 1;
				DEVELOPMENT_TEAM = K9U45N8FBN;
				GENERATE_INFOPLIST_FILE = YES;
				LD_RUNPATH_SEARCH_PATHS = (
					"$(inherited)",
					"@executable_path/Frameworks",
					"@loader_path/Frameworks",
				);
				MACOSX_DEPLOYMENT_TARGET = 12.3;
				MARKETING_VERSION = 1.0;
				PRODUCT_BUNDLE_IDENTIFIER = "kvakTest.essentialFeed.EssentialFeed-iOSTests";
				PRODUCT_NAME = "$(TARGET_NAME)";
				SUPPORTED_PLATFORMS = "iphonesimulator iphoneos";
				SWIFT_EMIT_LOC_STRINGS = NO;
				SWIFT_OPTIMIZATION_LEVEL = "-Onone";
				SWIFT_VERSION = 5.0;
			};
			name = Debug;
		};
		93D1D36D2852504400CCFCEE /* Release */ = {
			isa = XCBuildConfiguration;
			buildSettings = {
				ALWAYS_EMBED_SWIFT_STANDARD_LIBRARIES = YES;
				CLANG_CXX_LANGUAGE_STANDARD = "gnu++17";
				CLANG_ENABLE_MODULES = YES;
				CODE_SIGN_STYLE = Automatic;
				CURRENT_PROJECT_VERSION = 1;
				DEVELOPMENT_TEAM = K9U45N8FBN;
				GENERATE_INFOPLIST_FILE = YES;
				LD_RUNPATH_SEARCH_PATHS = (
					"$(inherited)",
					"@executable_path/Frameworks",
					"@loader_path/Frameworks",
				);
				MACOSX_DEPLOYMENT_TARGET = 12.3;
				MARKETING_VERSION = 1.0;
				PRODUCT_BUNDLE_IDENTIFIER = "kvakTest.essentialFeed.EssentialFeed-iOSTests";
				PRODUCT_NAME = "$(TARGET_NAME)";
				SUPPORTED_PLATFORMS = "iphonesimulator iphoneos";
				SWIFT_EMIT_LOC_STRINGS = NO;
				SWIFT_VERSION = 5.0;
			};
			name = Release;
		};
		93D1D376285270D600CCFCEE /* Debug */ = {
			isa = XCBuildConfiguration;
			buildSettings = {
				CLANG_CXX_LANGUAGE_STANDARD = "gnu++17";
				CODE_SIGN_STYLE = Automatic;
				COMBINE_HIDPI_IMAGES = YES;
				CURRENT_PROJECT_VERSION = 1;
				DEFINES_MODULE = YES;
				DEVELOPMENT_TEAM = K9U45N8FBN;
				DYLIB_COMPATIBILITY_VERSION = 1;
				DYLIB_CURRENT_VERSION = 1;
				DYLIB_INSTALL_NAME_BASE = "@rpath";
				GENERATE_INFOPLIST_FILE = YES;
				INFOPLIST_KEY_NSHumanReadableCopyright = "Copyright © 2022 Andre Kvashuk. All rights reserved.";
				INSTALL_PATH = "$(LOCAL_LIBRARY_DIR)/Frameworks";
				LD_RUNPATH_SEARCH_PATHS = (
					"$(inherited)",
					"@executable_path/../Frameworks",
					"@loader_path/Frameworks",
				);
				MACOSX_DEPLOYMENT_TARGET = 12.3;
				MARKETING_VERSION = 1.0;
				PRODUCT_BUNDLE_IDENTIFIER = "kvakTest.essentialFeed.EssentialFeed-iOS";
				PRODUCT_NAME = "$(TARGET_NAME)";
				SKIP_INSTALL = YES;
				SWIFT_EMIT_LOC_STRINGS = YES;
				SWIFT_VERSION = 5.0;
				VERSIONING_SYSTEM = "apple-generic";
				VERSION_INFO_PREFIX = "";
			};
			name = Debug;
		};
		93D1D377285270D600CCFCEE /* Release */ = {
			isa = XCBuildConfiguration;
			buildSettings = {
				CLANG_CXX_LANGUAGE_STANDARD = "gnu++17";
				CODE_SIGN_STYLE = Automatic;
				COMBINE_HIDPI_IMAGES = YES;
				CURRENT_PROJECT_VERSION = 1;
				DEFINES_MODULE = YES;
				DEVELOPMENT_TEAM = K9U45N8FBN;
				DYLIB_COMPATIBILITY_VERSION = 1;
				DYLIB_CURRENT_VERSION = 1;
				DYLIB_INSTALL_NAME_BASE = "@rpath";
				GENERATE_INFOPLIST_FILE = YES;
				INFOPLIST_KEY_NSHumanReadableCopyright = "Copyright © 2022 Andre Kvashuk. All rights reserved.";
				INSTALL_PATH = "$(LOCAL_LIBRARY_DIR)/Frameworks";
				LD_RUNPATH_SEARCH_PATHS = (
					"$(inherited)",
					"@executable_path/../Frameworks",
					"@loader_path/Frameworks",
				);
				MACOSX_DEPLOYMENT_TARGET = 12.3;
				MARKETING_VERSION = 1.0;
				PRODUCT_BUNDLE_IDENTIFIER = "kvakTest.essentialFeed.EssentialFeed-iOS";
				PRODUCT_NAME = "$(TARGET_NAME)";
				SKIP_INSTALL = YES;
				SWIFT_EMIT_LOC_STRINGS = YES;
				SWIFT_VERSION = 5.0;
				VERSIONING_SYSTEM = "apple-generic";
				VERSION_INFO_PREFIX = "";
			};
			name = Release;
		};
		F40FF17E226475EF00359F40 /* Debug */ = {
			isa = XCBuildConfiguration;
			buildSettings = {
				ALWAYS_SEARCH_USER_PATHS = NO;
				CLANG_ANALYZER_LOCALIZABILITY_NONLOCALIZED = YES;
				CLANG_ANALYZER_NONNULL = YES;
				CLANG_ANALYZER_NUMBER_OBJECT_CONVERSION = YES_AGGRESSIVE;
				CLANG_CXX_LANGUAGE_STANDARD = "gnu++14";
				CLANG_CXX_LIBRARY = "libc++";
				CLANG_ENABLE_MODULES = YES;
				CLANG_ENABLE_OBJC_ARC = YES;
				CLANG_ENABLE_OBJC_WEAK = YES;
				CLANG_WARN_BLOCK_CAPTURE_AUTORELEASING = YES;
				CLANG_WARN_BOOL_CONVERSION = YES;
				CLANG_WARN_COMMA = YES;
				CLANG_WARN_CONSTANT_CONVERSION = YES;
				CLANG_WARN_DEPRECATED_OBJC_IMPLEMENTATIONS = YES;
				CLANG_WARN_DIRECT_OBJC_ISA_USAGE = YES_ERROR;
				CLANG_WARN_DOCUMENTATION_COMMENTS = YES;
				CLANG_WARN_EMPTY_BODY = YES;
				CLANG_WARN_ENUM_CONVERSION = YES;
				CLANG_WARN_INFINITE_RECURSION = YES;
				CLANG_WARN_INT_CONVERSION = YES;
				CLANG_WARN_NON_LITERAL_NULL_CONVERSION = YES;
				CLANG_WARN_OBJC_IMPLICIT_RETAIN_SELF = YES;
				CLANG_WARN_OBJC_LITERAL_CONVERSION = YES;
				CLANG_WARN_OBJC_ROOT_CLASS = YES_ERROR;
				CLANG_WARN_QUOTED_INCLUDE_IN_FRAMEWORK_HEADER = YES;
				CLANG_WARN_RANGE_LOOP_ANALYSIS = YES;
				CLANG_WARN_STRICT_PROTOTYPES = YES;
				CLANG_WARN_SUSPICIOUS_MOVE = YES;
				CLANG_WARN_UNGUARDED_AVAILABILITY = YES_AGGRESSIVE;
				CLANG_WARN_UNREACHABLE_CODE = YES;
				CLANG_WARN__DUPLICATE_METHOD_MATCH = YES;
				CODE_SIGN_IDENTITY = "-";
				COPY_PHASE_STRIP = NO;
				DEBUG_INFORMATION_FORMAT = dwarf;
				ENABLE_STRICT_OBJC_MSGSEND = YES;
				ENABLE_TESTABILITY = YES;
				GCC_C_LANGUAGE_STANDARD = gnu11;
				GCC_DYNAMIC_NO_PIC = NO;
				GCC_NO_COMMON_BLOCKS = YES;
				GCC_OPTIMIZATION_LEVEL = 0;
				GCC_PREPROCESSOR_DEFINITIONS = (
					"DEBUG=1",
					"$(inherited)",
				);
				GCC_WARN_64_TO_32_BIT_CONVERSION = YES;
				GCC_WARN_ABOUT_RETURN_TYPE = YES_ERROR;
				GCC_WARN_UNDECLARED_SELECTOR = YES;
				GCC_WARN_UNINITIALIZED_AUTOS = YES_AGGRESSIVE;
				GCC_WARN_UNUSED_FUNCTION = YES;
				GCC_WARN_UNUSED_VARIABLE = YES;
				MACOSX_DEPLOYMENT_TARGET = 10.14;
				MTL_ENABLE_DEBUG_INFO = INCLUDE_SOURCE;
				MTL_FAST_MATH = YES;
				ONLY_ACTIVE_ARCH = YES;
				SDKROOT = macosx;
				SWIFT_ACTIVE_COMPILATION_CONDITIONS = DEBUG;
				SWIFT_OPTIMIZATION_LEVEL = "-Onone";
			};
			name = Debug;
		};
		F40FF17F226475EF00359F40 /* Release */ = {
			isa = XCBuildConfiguration;
			buildSettings = {
				ALWAYS_SEARCH_USER_PATHS = NO;
				CLANG_ANALYZER_LOCALIZABILITY_NONLOCALIZED = YES;
				CLANG_ANALYZER_NONNULL = YES;
				CLANG_ANALYZER_NUMBER_OBJECT_CONVERSION = YES_AGGRESSIVE;
				CLANG_CXX_LANGUAGE_STANDARD = "gnu++14";
				CLANG_CXX_LIBRARY = "libc++";
				CLANG_ENABLE_MODULES = YES;
				CLANG_ENABLE_OBJC_ARC = YES;
				CLANG_ENABLE_OBJC_WEAK = YES;
				CLANG_WARN_BLOCK_CAPTURE_AUTORELEASING = YES;
				CLANG_WARN_BOOL_CONVERSION = YES;
				CLANG_WARN_COMMA = YES;
				CLANG_WARN_CONSTANT_CONVERSION = YES;
				CLANG_WARN_DEPRECATED_OBJC_IMPLEMENTATIONS = YES;
				CLANG_WARN_DIRECT_OBJC_ISA_USAGE = YES_ERROR;
				CLANG_WARN_DOCUMENTATION_COMMENTS = YES;
				CLANG_WARN_EMPTY_BODY = YES;
				CLANG_WARN_ENUM_CONVERSION = YES;
				CLANG_WARN_INFINITE_RECURSION = YES;
				CLANG_WARN_INT_CONVERSION = YES;
				CLANG_WARN_NON_LITERAL_NULL_CONVERSION = YES;
				CLANG_WARN_OBJC_IMPLICIT_RETAIN_SELF = YES;
				CLANG_WARN_OBJC_LITERAL_CONVERSION = YES;
				CLANG_WARN_OBJC_ROOT_CLASS = YES_ERROR;
				CLANG_WARN_QUOTED_INCLUDE_IN_FRAMEWORK_HEADER = YES;
				CLANG_WARN_RANGE_LOOP_ANALYSIS = YES;
				CLANG_WARN_STRICT_PROTOTYPES = YES;
				CLANG_WARN_SUSPICIOUS_MOVE = YES;
				CLANG_WARN_UNGUARDED_AVAILABILITY = YES_AGGRESSIVE;
				CLANG_WARN_UNREACHABLE_CODE = YES;
				CLANG_WARN__DUPLICATE_METHOD_MATCH = YES;
				CODE_SIGN_IDENTITY = "-";
				COPY_PHASE_STRIP = NO;
				DEBUG_INFORMATION_FORMAT = "dwarf-with-dsym";
				ENABLE_NS_ASSERTIONS = NO;
				ENABLE_STRICT_OBJC_MSGSEND = YES;
				GCC_C_LANGUAGE_STANDARD = gnu11;
				GCC_NO_COMMON_BLOCKS = YES;
				GCC_WARN_64_TO_32_BIT_CONVERSION = YES;
				GCC_WARN_ABOUT_RETURN_TYPE = YES_ERROR;
				GCC_WARN_UNDECLARED_SELECTOR = YES;
				GCC_WARN_UNINITIALIZED_AUTOS = YES_AGGRESSIVE;
				GCC_WARN_UNUSED_FUNCTION = YES;
				GCC_WARN_UNUSED_VARIABLE = YES;
				MACOSX_DEPLOYMENT_TARGET = 10.14;
				MTL_ENABLE_DEBUG_INFO = NO;
				MTL_FAST_MATH = YES;
				SDKROOT = macosx;
				SWIFT_COMPILATION_MODE = wholemodule;
				SWIFT_OPTIMIZATION_LEVEL = "-O";
			};
			name = Release;
		};
		F4BA2BF92269E66F0015EABC /* Debug */ = {
			isa = XCBuildConfiguration;
			buildSettings = {
				CODE_SIGN_IDENTITY = "";
				CODE_SIGN_STYLE = Automatic;
				COMBINE_HIDPI_IMAGES = YES;
				CURRENT_PROJECT_VERSION = 1;
				DEFINES_MODULE = YES;
				DYLIB_COMPATIBILITY_VERSION = 1;
				DYLIB_CURRENT_VERSION = 1;
				DYLIB_INSTALL_NAME_BASE = "@rpath";
				FRAMEWORK_VERSION = A;
				INFOPLIST_FILE = EssentialDeveloperFramework/Info.plist;
				INSTALL_PATH = "$(LOCAL_LIBRARY_DIR)/Frameworks";
				LD_RUNPATH_SEARCH_PATHS = (
					"$(inherited)",
					"@executable_path/../Frameworks",
					"@loader_path/Frameworks",
				);
				PRODUCT_BUNDLE_IDENTIFIER = andre.kvashuk.EssentialDeveloperFramework;
				PRODUCT_NAME = "$(TARGET_NAME:c99extidentifier)";
				SKIP_INSTALL = YES;
				SUPPORTED_PLATFORMS = "macosx iphonesimulator iphoneos";
				SWIFT_VERSION = 5.0;
				VERSIONING_SYSTEM = "apple-generic";
				VERSION_INFO_PREFIX = "";
			};
			name = Debug;
		};
		F4BA2BFA2269E66F0015EABC /* Release */ = {
			isa = XCBuildConfiguration;
			buildSettings = {
				CODE_SIGN_IDENTITY = "";
				CODE_SIGN_STYLE = Automatic;
				COMBINE_HIDPI_IMAGES = YES;
				CURRENT_PROJECT_VERSION = 1;
				DEFINES_MODULE = YES;
				DYLIB_COMPATIBILITY_VERSION = 1;
				DYLIB_CURRENT_VERSION = 1;
				DYLIB_INSTALL_NAME_BASE = "@rpath";
				FRAMEWORK_VERSION = A;
				INFOPLIST_FILE = EssentialDeveloperFramework/Info.plist;
				INSTALL_PATH = "$(LOCAL_LIBRARY_DIR)/Frameworks";
				LD_RUNPATH_SEARCH_PATHS = (
					"$(inherited)",
					"@executable_path/../Frameworks",
					"@loader_path/Frameworks",
				);
				PRODUCT_BUNDLE_IDENTIFIER = andre.kvashuk.EssentialDeveloperFramework;
				PRODUCT_NAME = "$(TARGET_NAME:c99extidentifier)";
				SKIP_INSTALL = YES;
				SUPPORTED_PLATFORMS = "macosx iphonesimulator iphoneos";
				SWIFT_VERSION = 5.0;
				VERSIONING_SYSTEM = "apple-generic";
				VERSION_INFO_PREFIX = "";
			};
			name = Release;
		};
		F4BA2BFC2269E66F0015EABC /* Debug */ = {
			isa = XCBuildConfiguration;
			buildSettings = {
				ALWAYS_EMBED_SWIFT_STANDARD_LIBRARIES = YES;
				CODE_SIGN_STYLE = Automatic;
				COMBINE_HIDPI_IMAGES = YES;
				INFOPLIST_FILE = EssentialDeveloperFrameworkTests/Info.plist;
				LD_RUNPATH_SEARCH_PATHS = (
					"$(inherited)",
					"@executable_path/../Frameworks",
					"@loader_path/../Frameworks",
				);
				PRODUCT_BUNDLE_IDENTIFIER = andre.kvashuk.EssentialDeveloperFrameworkTests;
				PRODUCT_NAME = "$(TARGET_NAME)";
				SUPPORTED_PLATFORMS = "macosx iphonesimulator iphoneos";
				SWIFT_VERSION = 5.0;
			};
			name = Debug;
		};
		F4BA2BFD2269E66F0015EABC /* Release */ = {
			isa = XCBuildConfiguration;
			buildSettings = {
				ALWAYS_EMBED_SWIFT_STANDARD_LIBRARIES = YES;
				CODE_SIGN_STYLE = Automatic;
				COMBINE_HIDPI_IMAGES = YES;
				INFOPLIST_FILE = EssentialDeveloperFrameworkTests/Info.plist;
				LD_RUNPATH_SEARCH_PATHS = (
					"$(inherited)",
					"@executable_path/../Frameworks",
					"@loader_path/../Frameworks",
				);
				PRODUCT_BUNDLE_IDENTIFIER = andre.kvashuk.EssentialDeveloperFrameworkTests;
				PRODUCT_NAME = "$(TARGET_NAME)";
				SUPPORTED_PLATFORMS = "macosx iphonesimulator iphoneos";
				SWIFT_VERSION = 5.0;
			};
			name = Release;
		};
		F4BA2C132269EE690015EABC /* Debug */ = {
			isa = XCBuildConfiguration;
			buildSettings = {
				CODE_SIGN_STYLE = Automatic;
				COMBINE_HIDPI_IMAGES = YES;
				INFOPLIST_FILE = FeedApiEndToEndTests/Info.plist;
				LD_RUNPATH_SEARCH_PATHS = (
					"$(inherited)",
					"@executable_path/../Frameworks",
					"@loader_path/../Frameworks",
				);
				PRODUCT_BUNDLE_IDENTIFIER = andre.kvashuk.FeedApiEndToEndTests;
				PRODUCT_NAME = "$(TARGET_NAME)";
				SUPPORTED_PLATFORMS = "macosx iphonesimulator iphoneos";
				SWIFT_VERSION = 4.2;
			};
			name = Debug;
		};
		F4BA2C142269EE690015EABC /* Release */ = {
			isa = XCBuildConfiguration;
			buildSettings = {
				CODE_SIGN_STYLE = Automatic;
				COMBINE_HIDPI_IMAGES = YES;
				INFOPLIST_FILE = FeedApiEndToEndTests/Info.plist;
				LD_RUNPATH_SEARCH_PATHS = (
					"$(inherited)",
					"@executable_path/../Frameworks",
					"@loader_path/../Frameworks",
				);
				PRODUCT_BUNDLE_IDENTIFIER = andre.kvashuk.FeedApiEndToEndTests;
				PRODUCT_NAME = "$(TARGET_NAME)";
				SUPPORTED_PLATFORMS = "macosx iphonesimulator iphoneos";
				SWIFT_VERSION = 4.2;
			};
			name = Release;
		};
/* End XCBuildConfiguration section */

/* Begin XCConfigurationList section */
		93BAE392284F95B00042B7E1 /* Build configuration list for PBXNativeTarget "FeedCacheIntegrationTests" */ = {
			isa = XCConfigurationList;
			buildConfigurations = (
				93BAE393284F95B00042B7E1 /* Debug */,
				93BAE394284F95B00042B7E1 /* Release */,
			);
			defaultConfigurationIsVisible = 0;
			defaultConfigurationName = Release;
		};
		93D1D3682852504400CCFCEE /* Build configuration list for PBXNativeTarget "EssentialFeed_iOS" */ = {
			isa = XCConfigurationList;
			buildConfigurations = (
				93D1D3692852504400CCFCEE /* Debug */,
				93D1D36A2852504400CCFCEE /* Release */,
			);
			defaultConfigurationIsVisible = 0;
			defaultConfigurationName = Release;
		};
		93D1D36B2852504400CCFCEE /* Build configuration list for PBXNativeTarget "EssentialFeed_iOSTests" */ = {
			isa = XCConfigurationList;
			buildConfigurations = (
				93D1D36C2852504400CCFCEE /* Debug */,
				93D1D36D2852504400CCFCEE /* Release */,
			);
			defaultConfigurationIsVisible = 0;
			defaultConfigurationName = Release;
		};
		93D1D375285270D600CCFCEE /* Build configuration list for PBXNativeTarget "EssentialFeed_macOS" */ = {
			isa = XCConfigurationList;
			buildConfigurations = (
				93D1D376285270D600CCFCEE /* Debug */,
				93D1D377285270D600CCFCEE /* Release */,
			);
			defaultConfigurationIsVisible = 0;
			defaultConfigurationName = Release;
		};
		F40FF155226475ED00359F40 /* Build configuration list for PBXProject "EssentialDevelopper" */ = {
			isa = XCConfigurationList;
			buildConfigurations = (
				F40FF17E226475EF00359F40 /* Debug */,
				F40FF17F226475EF00359F40 /* Release */,
			);
			defaultConfigurationIsVisible = 0;
			defaultConfigurationName = Release;
		};
		F4BA2BF82269E66F0015EABC /* Build configuration list for PBXNativeTarget "EssentialFeed" */ = {
			isa = XCConfigurationList;
			buildConfigurations = (
				F4BA2BF92269E66F0015EABC /* Debug */,
				F4BA2BFA2269E66F0015EABC /* Release */,
			);
			defaultConfigurationIsVisible = 0;
			defaultConfigurationName = Release;
		};
		F4BA2BFB2269E66F0015EABC /* Build configuration list for PBXNativeTarget "EssentialDeveloperFrameworkTests" */ = {
			isa = XCConfigurationList;
			buildConfigurations = (
				F4BA2BFC2269E66F0015EABC /* Debug */,
				F4BA2BFD2269E66F0015EABC /* Release */,
			);
			defaultConfigurationIsVisible = 0;
			defaultConfigurationName = Release;
		};
		F4BA2C122269EE690015EABC /* Build configuration list for PBXNativeTarget "FeedApiEndToEndTests" */ = {
			isa = XCConfigurationList;
			buildConfigurations = (
				F4BA2C132269EE690015EABC /* Debug */,
				F4BA2C142269EE690015EABC /* Release */,
			);
			defaultConfigurationIsVisible = 0;
			defaultConfigurationName = Release;
		};
/* End XCConfigurationList section */

/* Begin XCVersionGroup section */
		93BAE37D284F6B870042B7E1 /* FeedStore.xcdatamodeld */ = {
			isa = XCVersionGroup;
			children = (
				9371F23E28603F18006F533A /* FeedStore 2.xcdatamodel */,
				93BAE37E284F6B870042B7E1 /* FeedStore.xcdatamodel */,
			);
			currentVersion = 9371F23E28603F18006F533A /* FeedStore 2.xcdatamodel */;
			path = FeedStore.xcdatamodeld;
			sourceTree = "<group>";
			versionGroupType = wrapper.xcdatamodel;
		};
/* End XCVersionGroup section */
	};
	rootObject = F40FF152226475ED00359F40 /* Project object */;
}
