// !$*UTF8*$!
{
	archiveVersion = 1;
	classes = {
	};
	objectVersion = 50;
	objects = {

/* Begin PBXBuildFile section */
		F40FF15E226475ED00359F40 /* AppDelegate.swift in Sources */ = {isa = PBXBuildFile; fileRef = F40FF15D226475ED00359F40 /* AppDelegate.swift */; };
		F40FF160226475ED00359F40 /* ViewController.swift in Sources */ = {isa = PBXBuildFile; fileRef = F40FF15F226475ED00359F40 /* ViewController.swift */; };
		F40FF162226475EF00359F40 /* Assets.xcassets in Resources */ = {isa = PBXBuildFile; fileRef = F40FF161226475EF00359F40 /* Assets.xcassets */; };
		F40FF165226475EF00359F40 /* Main.storyboard in Resources */ = {isa = PBXBuildFile; fileRef = F40FF163226475EF00359F40 /* Main.storyboard */; };
		F40FF18A226477A400359F40 /* RemoteFeedLoaderTests.swift in Sources */ = {isa = PBXBuildFile; fileRef = F40FF189226477A400359F40 /* RemoteFeedLoaderTests.swift */; };
		F4632A7E226498DD00BAF4C8 /* RemoteFeedLoader.swift in Sources */ = {isa = PBXBuildFile; fileRef = F4632A7D226498DD00BAF4C8 /* RemoteFeedLoader.swift */; };
		F4632A832265A82000BAF4C8 /* FeedItem.swift in Sources */ = {isa = PBXBuildFile; fileRef = F4632A822265A82000BAF4C8 /* FeedItem.swift */; };
		F4BA2BCA226603320015EABC /* FeedItemMapper.swift in Sources */ = {isa = PBXBuildFile; fileRef = F4BA2BC9226603320015EABC /* FeedItemMapper.swift */; };
		F4BA2BCC226605090015EABC /* HTTPClient.swift in Sources */ = {isa = PBXBuildFile; fileRef = F4BA2BCB226605090015EABC /* HTTPClient.swift */; };
/* End PBXBuildFile section */

/* Begin PBXContainerItemProxy section */
		F40FF16D226475EF00359F40 /* PBXContainerItemProxy */ = {
			isa = PBXContainerItemProxy;
			containerPortal = F40FF152226475ED00359F40 /* Project object */;
			proxyType = 1;
			remoteGlobalIDString = F40FF159226475ED00359F40;
			remoteInfo = EssentialDevelopper;
		};
/* End PBXContainerItemProxy section */

/* Begin PBXFileReference section */
		F40FF15A226475ED00359F40 /* EssentialDevelopper.app */ = {isa = PBXFileReference; explicitFileType = wrapper.application; includeInIndex = 0; path = EssentialDevelopper.app; sourceTree = BUILT_PRODUCTS_DIR; };
		F40FF15D226475ED00359F40 /* AppDelegate.swift */ = {isa = PBXFileReference; lastKnownFileType = sourcecode.swift; path = AppDelegate.swift; sourceTree = "<group>"; };
		F40FF15F226475ED00359F40 /* ViewController.swift */ = {isa = PBXFileReference; lastKnownFileType = sourcecode.swift; path = ViewController.swift; sourceTree = "<group>"; };
		F40FF161226475EF00359F40 /* Assets.xcassets */ = {isa = PBXFileReference; lastKnownFileType = folder.assetcatalog; path = Assets.xcassets; sourceTree = "<group>"; };
		F40FF164226475EF00359F40 /* Base */ = {isa = PBXFileReference; lastKnownFileType = file.storyboard; name = Base; path = Base.lproj/Main.storyboard; sourceTree = "<group>"; };
		F40FF166226475EF00359F40 /* Info.plist */ = {isa = PBXFileReference; lastKnownFileType = text.plist.xml; path = Info.plist; sourceTree = "<group>"; };
		F40FF167226475EF00359F40 /* EssentialDevelopper.entitlements */ = {isa = PBXFileReference; lastKnownFileType = text.plist.entitlements; path = EssentialDevelopper.entitlements; sourceTree = "<group>"; };
		F40FF16C226475EF00359F40 /* EssentialDevelopperTests.xctest */ = {isa = PBXFileReference; explicitFileType = wrapper.cfbundle; includeInIndex = 0; path = EssentialDevelopperTests.xctest; sourceTree = BUILT_PRODUCTS_DIR; };
		F40FF172226475EF00359F40 /* Info.plist */ = {isa = PBXFileReference; lastKnownFileType = text.plist.xml; path = Info.plist; sourceTree = "<group>"; };
		F40FF189226477A400359F40 /* RemoteFeedLoaderTests.swift */ = {isa = PBXFileReference; lastKnownFileType = sourcecode.swift; path = RemoteFeedLoaderTests.swift; sourceTree = "<group>"; };
		F4632A7D226498DD00BAF4C8 /* RemoteFeedLoader.swift */ = {isa = PBXFileReference; lastKnownFileType = sourcecode.swift; path = RemoteFeedLoader.swift; sourceTree = "<group>"; };
		F4632A822265A82000BAF4C8 /* FeedItem.swift */ = {isa = PBXFileReference; lastKnownFileType = sourcecode.swift; path = FeedItem.swift; sourceTree = "<group>"; };
		F4BA2BC9226603320015EABC /* FeedItemMapper.swift */ = {isa = PBXFileReference; lastKnownFileType = sourcecode.swift; path = FeedItemMapper.swift; sourceTree = "<group>"; };
		F4BA2BCB226605090015EABC /* HTTPClient.swift */ = {isa = PBXFileReference; lastKnownFileType = sourcecode.swift; path = HTTPClient.swift; sourceTree = "<group>"; };
/* End PBXFileReference section */

/* Begin PBXFrameworksBuildPhase section */
		F40FF157226475ED00359F40 /* Frameworks */ = {
			isa = PBXFrameworksBuildPhase;
			buildActionMask = 2147483647;
			files = (
			);
			runOnlyForDeploymentPostprocessing = 0;
		};
		F40FF169226475EF00359F40 /* Frameworks */ = {
			isa = PBXFrameworksBuildPhase;
			buildActionMask = 2147483647;
			files = (
			);
			runOnlyForDeploymentPostprocessing = 0;
		};
/* End PBXFrameworksBuildPhase section */

/* Begin PBXGroup section */
		F40FF151226475ED00359F40 = {
			isa = PBXGroup;
			children = (
				F40FF15C226475ED00359F40 /* EssentialDevelopper */,
				F40FF16F226475EF00359F40 /* EssentialDevelopperTests */,
				F40FF15B226475ED00359F40 /* Products */,
			);
			sourceTree = "<group>";
		};
		F40FF15B226475ED00359F40 /* Products */ = {
			isa = PBXGroup;
			children = (
				F40FF15A226475ED00359F40 /* EssentialDevelopper.app */,
				F40FF16C226475EF00359F40 /* EssentialDevelopperTests.xctest */,
			);
			name = Products;
			sourceTree = "<group>";
		};
		F40FF15C226475ED00359F40 /* EssentialDevelopper */ = {
			isa = PBXGroup;
			children = (
				F40FF15D226475ED00359F40 /* AppDelegate.swift */,
				F40FF15F226475ED00359F40 /* ViewController.swift */,
				F4632A8122649C2B00BAF4C8 /* Feed API */,
				F40FF161226475EF00359F40 /* Assets.xcassets */,
				F40FF163226475EF00359F40 /* Main.storyboard */,
				F40FF166226475EF00359F40 /* Info.plist */,
				F40FF167226475EF00359F40 /* EssentialDevelopper.entitlements */,
			);
			path = EssentialDevelopper;
			sourceTree = "<group>";
		};
		F40FF16F226475EF00359F40 /* EssentialDevelopperTests */ = {
			isa = PBXGroup;
			children = (
				F40FF172226475EF00359F40 /* Info.plist */,
				F4BA2BCD22660D580015EABC /* Feed API */,
			);
			path = EssentialDevelopperTests;
			sourceTree = "<group>";
		};
		F4632A8122649C2B00BAF4C8 /* Feed API */ = {
			isa = PBXGroup;
			children = (
				F4632A7D226498DD00BAF4C8 /* RemoteFeedLoader.swift */,
				F4BA2BC9226603320015EABC /* FeedItemMapper.swift */,
				F4632A822265A82000BAF4C8 /* FeedItem.swift */,
				F4BA2BCB226605090015EABC /* HTTPClient.swift */,
			);
			path = "Feed API";
			sourceTree = "<group>";
		};
		F4BA2BCD22660D580015EABC /* Feed API */ = {
			isa = PBXGroup;
			children = (
				F40FF189226477A400359F40 /* RemoteFeedLoaderTests.swift */,
			);
			path = "Feed API";
			sourceTree = "<group>";
		};
/* End PBXGroup section */

/* Begin PBXNativeTarget section */
		F40FF159226475ED00359F40 /* EssentialDevelopper */ = {
			isa = PBXNativeTarget;
			buildConfigurationList = F40FF180226475EF00359F40 /* Build configuration list for PBXNativeTarget "EssentialDevelopper" */;
			buildPhases = (
				F40FF156226475ED00359F40 /* Sources */,
				F40FF157226475ED00359F40 /* Frameworks */,
				F40FF158226475ED00359F40 /* Resources */,
			);
			buildRules = (
			);
			dependencies = (
			);
			name = EssentialDevelopper;
			productName = EssentialDevelopper;
			productReference = F40FF15A226475ED00359F40 /* EssentialDevelopper.app */;
			productType = "com.apple.product-type.application";
		};
		F40FF16B226475EF00359F40 /* EssentialDevelopperTests */ = {
			isa = PBXNativeTarget;
			buildConfigurationList = F40FF183226475EF00359F40 /* Build configuration list for PBXNativeTarget "EssentialDevelopperTests" */;
			buildPhases = (
				F40FF168226475EF00359F40 /* Sources */,
				F40FF169226475EF00359F40 /* Frameworks */,
				F40FF16A226475EF00359F40 /* Resources */,
			);
			buildRules = (
			);
			dependencies = (
				F40FF16E226475EF00359F40 /* PBXTargetDependency */,
			);
			name = EssentialDevelopperTests;
			productName = EssentialDevelopperTests;
			productReference = F40FF16C226475EF00359F40 /* EssentialDevelopperTests.xctest */;
			productType = "com.apple.product-type.bundle.unit-test";
		};
/* End PBXNativeTarget section */

/* Begin PBXProject section */
		F40FF152226475ED00359F40 /* Project object */ = {
			isa = PBXProject;
			attributes = {
				LastSwiftUpdateCheck = 1020;
				LastUpgradeCheck = 1020;
				ORGANIZATIONNAME = "Andre Kvashuk";
				TargetAttributes = {
					F40FF159226475ED00359F40 = {
						CreatedOnToolsVersion = 10.2;
					};
					F40FF16B226475EF00359F40 = {
						CreatedOnToolsVersion = 10.2;
						LastSwiftMigration = 1020;
						TestTargetID = F40FF159226475ED00359F40;
					};
				};
			};
			buildConfigurationList = F40FF155226475ED00359F40 /* Build configuration list for PBXProject "EssentialDevelopper" */;
			compatibilityVersion = "Xcode 9.3";
			developmentRegion = en;
			hasScannedForEncodings = 0;
			knownRegions = (
				en,
				Base,
			);
			mainGroup = F40FF151226475ED00359F40;
			productRefGroup = F40FF15B226475ED00359F40 /* Products */;
			projectDirPath = "";
			projectRoot = "";
			targets = (
				F40FF159226475ED00359F40 /* EssentialDevelopper */,
				F40FF16B226475EF00359F40 /* EssentialDevelopperTests */,
			);
		};
/* End PBXProject section */

/* Begin PBXResourcesBuildPhase section */
		F40FF158226475ED00359F40 /* Resources */ = {
			isa = PBXResourcesBuildPhase;
			buildActionMask = 2147483647;
			files = (
				F40FF162226475EF00359F40 /* Assets.xcassets in Resources */,
				F40FF165226475EF00359F40 /* Main.storyboard in Resources */,
			);
			runOnlyForDeploymentPostprocessing = 0;
		};
		F40FF16A226475EF00359F40 /* Resources */ = {
			isa = PBXResourcesBuildPhase;
			buildActionMask = 2147483647;
			files = (
			);
			runOnlyForDeploymentPostprocessing = 0;
		};
/* End PBXResourcesBuildPhase section */

/* Begin PBXSourcesBuildPhase section */
		F40FF156226475ED00359F40 /* Sources */ = {
			isa = PBXSourcesBuildPhase;
			buildActionMask = 2147483647;
			files = (
				F4632A832265A82000BAF4C8 /* FeedItem.swift in Sources */,
				F4BA2BCA226603320015EABC /* FeedItemMapper.swift in Sources */,
				F4BA2BCC226605090015EABC /* HTTPClient.swift in Sources */,
				F40FF160226475ED00359F40 /* ViewController.swift in Sources */,
				F4632A7E226498DD00BAF4C8 /* RemoteFeedLoader.swift in Sources */,
				F40FF15E226475ED00359F40 /* AppDelegate.swift in Sources */,
			);
			runOnlyForDeploymentPostprocessing = 0;
		};
		F40FF168226475EF00359F40 /* Sources */ = {
			isa = PBXSourcesBuildPhase;
			buildActionMask = 2147483647;
			files = (
				F40FF18A226477A400359F40 /* RemoteFeedLoaderTests.swift in Sources */,
			);
			runOnlyForDeploymentPostprocessing = 0;
		};
/* End PBXSourcesBuildPhase section */

/* Begin PBXTargetDependency section */
		F40FF16E226475EF00359F40 /* PBXTargetDependency */ = {
			isa = PBXTargetDependency;
			target = F40FF159226475ED00359F40 /* EssentialDevelopper */;
			targetProxy = F40FF16D226475EF00359F40 /* PBXContainerItemProxy */;
		};
/* End PBXTargetDependency section */

/* Begin PBXVariantGroup section */
		F40FF163226475EF00359F40 /* Main.storyboard */ = {
			isa = PBXVariantGroup;
			children = (
				F40FF164226475EF00359F40 /* Base */,
			);
			name = Main.storyboard;
			sourceTree = "<group>";
		};
/* End PBXVariantGroup section */

/* Begin XCBuildConfiguration section */
		F40FF17E226475EF00359F40 /* Debug */ = {
			isa = XCBuildConfiguration;
			buildSettings = {
				ALWAYS_SEARCH_USER_PATHS = NO;
				CLANG_ANALYZER_NONNULL = YES;
				CLANG_ANALYZER_NUMBER_OBJECT_CONVERSION = YES_AGGRESSIVE;
				CLANG_CXX_LANGUAGE_STANDARD = "gnu++14";
				CLANG_CXX_LIBRARY = "libc++";
				CLANG_ENABLE_MODULES = YES;
				CLANG_ENABLE_OBJC_ARC = YES;
				CLANG_ENABLE_OBJC_WEAK = YES;
				CLANG_WARN_BLOCK_CAPTURE_AUTORELEASING = YES;
				CLANG_WARN_BOOL_CONVERSION = YES;
				CLANG_WARN_COMMA = YES;
				CLANG_WARN_CONSTANT_CONVERSION = YES;
				CLANG_WARN_DEPRECATED_OBJC_IMPLEMENTATIONS = YES;
				CLANG_WARN_DIRECT_OBJC_ISA_USAGE = YES_ERROR;
				CLANG_WARN_DOCUMENTATION_COMMENTS = YES;
				CLANG_WARN_EMPTY_BODY = YES;
				CLANG_WARN_ENUM_CONVERSION = YES;
				CLANG_WARN_INFINITE_RECURSION = YES;
				CLANG_WARN_INT_CONVERSION = YES;
				CLANG_WARN_NON_LITERAL_NULL_CONVERSION = YES;
				CLANG_WARN_OBJC_IMPLICIT_RETAIN_SELF = YES;
				CLANG_WARN_OBJC_LITERAL_CONVERSION = YES;
				CLANG_WARN_OBJC_ROOT_CLASS = YES_ERROR;
				CLANG_WARN_RANGE_LOOP_ANALYSIS = YES;
				CLANG_WARN_STRICT_PROTOTYPES = YES;
				CLANG_WARN_SUSPICIOUS_MOVE = YES;
				CLANG_WARN_UNGUARDED_AVAILABILITY = YES_AGGRESSIVE;
				CLANG_WARN_UNREACHABLE_CODE = YES;
				CLANG_WARN__DUPLICATE_METHOD_MATCH = YES;
				CODE_SIGN_IDENTITY = "-";
				COPY_PHASE_STRIP = NO;
				DEBUG_INFORMATION_FORMAT = dwarf;
				ENABLE_STRICT_OBJC_MSGSEND = YES;
				ENABLE_TESTABILITY = YES;
				GCC_C_LANGUAGE_STANDARD = gnu11;
				GCC_DYNAMIC_NO_PIC = NO;
				GCC_NO_COMMON_BLOCKS = YES;
				GCC_OPTIMIZATION_LEVEL = 0;
				GCC_PREPROCESSOR_DEFINITIONS = (
					"DEBUG=1",
					"$(inherited)",
				);
				GCC_WARN_64_TO_32_BIT_CONVERSION = YES;
				GCC_WARN_ABOUT_RETURN_TYPE = YES_ERROR;
				GCC_WARN_UNDECLARED_SELECTOR = YES;
				GCC_WARN_UNINITIALIZED_AUTOS = YES_AGGRESSIVE;
				GCC_WARN_UNUSED_FUNCTION = YES;
				GCC_WARN_UNUSED_VARIABLE = YES;
				MACOSX_DEPLOYMENT_TARGET = 10.14;
				MTL_ENABLE_DEBUG_INFO = INCLUDE_SOURCE;
				MTL_FAST_MATH = YES;
				ONLY_ACTIVE_ARCH = YES;
				SDKROOT = macosx;
				SWIFT_ACTIVE_COMPILATION_CONDITIONS = DEBUG;
				SWIFT_OPTIMIZATION_LEVEL = "-Onone";
			};
			name = Debug;
		};
		F40FF17F226475EF00359F40 /* Release */ = {
			isa = XCBuildConfiguration;
			buildSettings = {
				ALWAYS_SEARCH_USER_PATHS = NO;
				CLANG_ANALYZER_NONNULL = YES;
				CLANG_ANALYZER_NUMBER_OBJECT_CONVERSION = YES_AGGRESSIVE;
				CLANG_CXX_LANGUAGE_STANDARD = "gnu++14";
				CLANG_CXX_LIBRARY = "libc++";
				CLANG_ENABLE_MODULES = YES;
				CLANG_ENABLE_OBJC_ARC = YES;
				CLANG_ENABLE_OBJC_WEAK = YES;
				CLANG_WARN_BLOCK_CAPTURE_AUTORELEASING = YES;
				CLANG_WARN_BOOL_CONVERSION = YES;
				CLANG_WARN_COMMA = YES;
				CLANG_WARN_CONSTANT_CONVERSION = YES;
				CLANG_WARN_DEPRECATED_OBJC_IMPLEMENTATIONS = YES;
				CLANG_WARN_DIRECT_OBJC_ISA_USAGE = YES_ERROR;
				CLANG_WARN_DOCUMENTATION_COMMENTS = YES;
				CLANG_WARN_EMPTY_BODY = YES;
				CLANG_WARN_ENUM_CONVERSION = YES;
				CLANG_WARN_INFINITE_RECURSION = YES;
				CLANG_WARN_INT_CONVERSION = YES;
				CLANG_WARN_NON_LITERAL_NULL_CONVERSION = YES;
				CLANG_WARN_OBJC_IMPLICIT_RETAIN_SELF = YES;
				CLANG_WARN_OBJC_LITERAL_CONVERSION = YES;
				CLANG_WARN_OBJC_ROOT_CLASS = YES_ERROR;
				CLANG_WARN_RANGE_LOOP_ANALYSIS = YES;
				CLANG_WARN_STRICT_PROTOTYPES = YES;
				CLANG_WARN_SUSPICIOUS_MOVE = YES;
				CLANG_WARN_UNGUARDED_AVAILABILITY = YES_AGGRESSIVE;
				CLANG_WARN_UNREACHABLE_CODE = YES;
				CLANG_WARN__DUPLICATE_METHOD_MATCH = YES;
				CODE_SIGN_IDENTITY = "-";
				COPY_PHASE_STRIP = NO;
				DEBUG_INFORMATION_FORMAT = "dwarf-with-dsym";
				ENABLE_NS_ASSERTIONS = NO;
				ENABLE_STRICT_OBJC_MSGSEND = YES;
				GCC_C_LANGUAGE_STANDARD = gnu11;
				GCC_NO_COMMON_BLOCKS = YES;
				GCC_WARN_64_TO_32_BIT_CONVERSION = YES;
				GCC_WARN_ABOUT_RETURN_TYPE = YES_ERROR;
				GCC_WARN_UNDECLARED_SELECTOR = YES;
				GCC_WARN_UNINITIALIZED_AUTOS = YES_AGGRESSIVE;
				GCC_WARN_UNUSED_FUNCTION = YES;
				GCC_WARN_UNUSED_VARIABLE = YES;
				MACOSX_DEPLOYMENT_TARGET = 10.14;
				MTL_ENABLE_DEBUG_INFO = NO;
				MTL_FAST_MATH = YES;
				SDKROOT = macosx;
				SWIFT_COMPILATION_MODE = wholemodule;
				SWIFT_OPTIMIZATION_LEVEL = "-O";
			};
			name = Release;
		};
		F40FF181226475EF00359F40 /* Debug */ = {
			isa = XCBuildConfiguration;
			buildSettings = {
				ASSETCATALOG_COMPILER_APPICON_NAME = AppIcon;
				CODE_SIGN_ENTITLEMENTS = EssentialDevelopper/EssentialDevelopper.entitlements;
				CODE_SIGN_STYLE = Automatic;
				COMBINE_HIDPI_IMAGES = YES;
				INFOPLIST_FILE = EssentialDevelopper/Info.plist;
				LD_RUNPATH_SEARCH_PATHS = (
					"$(inherited)",
					"@executable_path/../Frameworks",
				);
				PRODUCT_BUNDLE_IDENTIFIER = andre.kvashuk.EssentialDevelopper;
				PRODUCT_NAME = "$(TARGET_NAME)";
				SWIFT_VERSION = 5.0;
			};
			name = Debug;
		};
		F40FF182226475EF00359F40 /* Release */ = {
			isa = XCBuildConfiguration;
			buildSettings = {
				ASSETCATALOG_COMPILER_APPICON_NAME = AppIcon;
				CODE_SIGN_ENTITLEMENTS = EssentialDevelopper/EssentialDevelopper.entitlements;
				CODE_SIGN_STYLE = Automatic;
				COMBINE_HIDPI_IMAGES = YES;
				INFOPLIST_FILE = EssentialDevelopper/Info.plist;
				LD_RUNPATH_SEARCH_PATHS = (
					"$(inherited)",
					"@executable_path/../Frameworks",
				);
				PRODUCT_BUNDLE_IDENTIFIER = andre.kvashuk.EssentialDevelopper;
				PRODUCT_NAME = "$(TARGET_NAME)";
				SWIFT_VERSION = 5.0;
			};
			name = Release;
		};
		F40FF184226475EF00359F40 /* Debug */ = {
			isa = XCBuildConfiguration;
			buildSettings = {
				ALWAYS_EMBED_SWIFT_STANDARD_LIBRARIES = YES;
				BUNDLE_LOADER = "$(TEST_HOST)";
				CLANG_ENABLE_MODULES = YES;
				CODE_SIGN_STYLE = Automatic;
				COMBINE_HIDPI_IMAGES = YES;
				INFOPLIST_FILE = EssentialDevelopperTests/Info.plist;
				LD_RUNPATH_SEARCH_PATHS = (
					"$(inherited)",
					"@executable_path/../Frameworks",
					"@loader_path/../Frameworks",
				);
				PRODUCT_BUNDLE_IDENTIFIER = andre.kvashuk.EssentialDevelopperTests;
				PRODUCT_NAME = "$(TARGET_NAME)";
				SWIFT_OPTIMIZATION_LEVEL = "-Onone";
				SWIFT_VERSION = 5.0;
				TEST_HOST = "$(BUILT_PRODUCTS_DIR)/EssentialDevelopper.app/Contents/MacOS/EssentialDevelopper";
			};
			name = Debug;
		};
		F40FF185226475EF00359F40 /* Release */ = {
			isa = XCBuildConfiguration;
			buildSettings = {
				ALWAYS_EMBED_SWIFT_STANDARD_LIBRARIES = YES;
				BUNDLE_LOADER = "$(TEST_HOST)";
				CLANG_ENABLE_MODULES = YES;
				CODE_SIGN_STYLE = Automatic;
				COMBINE_HIDPI_IMAGES = YES;
				INFOPLIST_FILE = EssentialDevelopperTests/Info.plist;
				LD_RUNPATH_SEARCH_PATHS = (
					"$(inherited)",
					"@executable_path/../Frameworks",
					"@loader_path/../Frameworks",
				);
				PRODUCT_BUNDLE_IDENTIFIER = andre.kvashuk.EssentialDevelopperTests;
				PRODUCT_NAME = "$(TARGET_NAME)";
				SWIFT_VERSION = 5.0;
				TEST_HOST = "$(BUILT_PRODUCTS_DIR)/EssentialDevelopper.app/Contents/MacOS/EssentialDevelopper";
			};
			name = Release;
		};
/* End XCBuildConfiguration section */

/* Begin XCConfigurationList section */
		F40FF155226475ED00359F40 /* Build configuration list for PBXProject "EssentialDevelopper" */ = {
			isa = XCConfigurationList;
			buildConfigurations = (
				F40FF17E226475EF00359F40 /* Debug */,
				F40FF17F226475EF00359F40 /* Release */,
			);
			defaultConfigurationIsVisible = 0;
			defaultConfigurationName = Release;
		};
		F40FF180226475EF00359F40 /* Build configuration list for PBXNativeTarget "EssentialDevelopper" */ = {
			isa = XCConfigurationList;
			buildConfigurations = (
				F40FF181226475EF00359F40 /* Debug */,
				F40FF182226475EF00359F40 /* Release */,
			);
			defaultConfigurationIsVisible = 0;
			defaultConfigurationName = Release;
		};
		F40FF183226475EF00359F40 /* Build configuration list for PBXNativeTarget "EssentialDevelopperTests" */ = {
			isa = XCConfigurationList;
			buildConfigurations = (
				F40FF184226475EF00359F40 /* Debug */,
				F40FF185226475EF00359F40 /* Release */,
			);
			defaultConfigurationIsVisible = 0;
			defaultConfigurationName = Release;
		};
/* End XCConfigurationList section */
	};
	rootObject = F40FF152226475ED00359F40 /* Project object */;
}
